// !$*UTF8*$!
{
	archiveVersion = 1;
	classes = {
	};
	objectVersion = 46;
	objects = {

/* Begin PBXBuildFile section */
		573F59461E26E1C000AEA72A /* main.m in Sources */ = {isa = PBXBuildFile; fileRef = 573F59451E26E1C000AEA72A /* main.m */; };
		573F59491E26E1C000AEA72A /* AppDelegate.m in Sources */ = {isa = PBXBuildFile; fileRef = 573F59481E26E1C000AEA72A /* AppDelegate.m */; };
		573F594C1E26E1C000AEA72A /* ViewController.m in Sources */ = {isa = PBXBuildFile; fileRef = 573F594B1E26E1C000AEA72A /* ViewController.m */; };
		573F594F1E26E1C000AEA72A /* Main.storyboard in Resources */ = {isa = PBXBuildFile; fileRef = 573F594D1E26E1C000AEA72A /* Main.storyboard */; };
		573F59521E26E1C000AEA72A /* ShareBudget.xcdatamodeld in Sources */ = {isa = PBXBuildFile; fileRef = 573F59501E26E1C000AEA72A /* ShareBudget.xcdatamodeld */; };
		573F59541E26E1C000AEA72A /* Assets.xcassets in Resources */ = {isa = PBXBuildFile; fileRef = 573F59531E26E1C000AEA72A /* Assets.xcassets */; };
		573F59571E26E1C000AEA72A /* LaunchScreen.storyboard in Resources */ = {isa = PBXBuildFile; fileRef = 573F59551E26E1C000AEA72A /* LaunchScreen.storyboard */; };
		573F59621E26E1C000AEA72A /* ShareBudgetTests.m in Sources */ = {isa = PBXBuildFile; fileRef = 573F59611E26E1C000AEA72A /* ShareBudgetTests.m */; };
		573F596D1E26E1C000AEA72A /* ShareBudgetUITests.m in Sources */ = {isa = PBXBuildFile; fileRef = 573F596C1E26E1C000AEA72A /* ShareBudgetUITests.m */; };
/* End PBXBuildFile section */

/* Begin PBXContainerItemProxy section */
		573F595E1E26E1C000AEA72A /* PBXContainerItemProxy */ = {
			isa = PBXContainerItemProxy;
			containerPortal = 573F59391E26E1C000AEA72A /* Project object */;
			proxyType = 1;
			remoteGlobalIDString = 573F59401E26E1C000AEA72A;
			remoteInfo = ShareBudget;
		};
		573F59691E26E1C000AEA72A /* PBXContainerItemProxy */ = {
			isa = PBXContainerItemProxy;
			containerPortal = 573F59391E26E1C000AEA72A /* Project object */;
			proxyType = 1;
			remoteGlobalIDString = 573F59401E26E1C000AEA72A;
			remoteInfo = ShareBudget;
		};
/* End PBXContainerItemProxy section */

/* Begin PBXFileReference section */
		573F59411E26E1C000AEA72A /* ShareBudget.app */ = {isa = PBXFileReference; explicitFileType = wrapper.application; includeInIndex = 0; path = ShareBudget.app; sourceTree = BUILT_PRODUCTS_DIR; };
		573F59451E26E1C000AEA72A /* main.m */ = {isa = PBXFileReference; lastKnownFileType = sourcecode.c.objc; path = main.m; sourceTree = "<group>"; };
		573F59471E26E1C000AEA72A /* AppDelegate.h */ = {isa = PBXFileReference; lastKnownFileType = sourcecode.c.h; path = AppDelegate.h; sourceTree = "<group>"; };
		573F59481E26E1C000AEA72A /* AppDelegate.m */ = {isa = PBXFileReference; lastKnownFileType = sourcecode.c.objc; path = AppDelegate.m; sourceTree = "<group>"; };
		573F594A1E26E1C000AEA72A /* ViewController.h */ = {isa = PBXFileReference; lastKnownFileType = sourcecode.c.h; path = ViewController.h; sourceTree = "<group>"; };
		573F594B1E26E1C000AEA72A /* ViewController.m */ = {isa = PBXFileReference; lastKnownFileType = sourcecode.c.objc; path = ViewController.m; sourceTree = "<group>"; };
		573F594E1E26E1C000AEA72A /* Base */ = {isa = PBXFileReference; lastKnownFileType = file.storyboard; name = Base; path = Base.lproj/Main.storyboard; sourceTree = "<group>"; };
		573F59511E26E1C000AEA72A /* ShareBudget.xcdatamodel */ = {isa = PBXFileReference; lastKnownFileType = wrapper.xcdatamodel; path = ShareBudget.xcdatamodel; sourceTree = "<group>"; };
		573F59531E26E1C000AEA72A /* Assets.xcassets */ = {isa = PBXFileReference; lastKnownFileType = folder.assetcatalog; path = Assets.xcassets; sourceTree = "<group>"; };
		573F59561E26E1C000AEA72A /* Base */ = {isa = PBXFileReference; lastKnownFileType = file.storyboard; name = Base; path = Base.lproj/LaunchScreen.storyboard; sourceTree = "<group>"; };
		573F59581E26E1C000AEA72A /* Info.plist */ = {isa = PBXFileReference; lastKnownFileType = text.plist.xml; path = Info.plist; sourceTree = "<group>"; };
		573F595D1E26E1C000AEA72A /* ShareBudgetTests.xctest */ = {isa = PBXFileReference; explicitFileType = wrapper.cfbundle; includeInIndex = 0; path = ShareBudgetTests.xctest; sourceTree = BUILT_PRODUCTS_DIR; };
		573F59611E26E1C000AEA72A /* ShareBudgetTests.m */ = {isa = PBXFileReference; lastKnownFileType = sourcecode.c.objc; path = ShareBudgetTests.m; sourceTree = "<group>"; };
		573F59631E26E1C000AEA72A /* Info.plist */ = {isa = PBXFileReference; lastKnownFileType = text.plist.xml; path = Info.plist; sourceTree = "<group>"; };
		573F59681E26E1C000AEA72A /* ShareBudgetUITests.xctest */ = {isa = PBXFileReference; explicitFileType = wrapper.cfbundle; includeInIndex = 0; path = ShareBudgetUITests.xctest; sourceTree = BUILT_PRODUCTS_DIR; };
		573F596C1E26E1C000AEA72A /* ShareBudgetUITests.m */ = {isa = PBXFileReference; lastKnownFileType = sourcecode.c.objc; path = ShareBudgetUITests.m; sourceTree = "<group>"; };
		573F596E1E26E1C000AEA72A /* Info.plist */ = {isa = PBXFileReference; lastKnownFileType = text.plist.xml; path = Info.plist; sourceTree = "<group>"; };
/* End PBXFileReference section */

/* Begin PBXFrameworksBuildPhase section */
		573F593E1E26E1C000AEA72A /* Frameworks */ = {
			isa = PBXFrameworksBuildPhase;
			buildActionMask = 2147483647;
			files = (
			);
			runOnlyForDeploymentPostprocessing = 0;
		};
		573F595A1E26E1C000AEA72A /* Frameworks */ = {
			isa = PBXFrameworksBuildPhase;
			buildActionMask = 2147483647;
			files = (
			);
			runOnlyForDeploymentPostprocessing = 0;
		};
		573F59651E26E1C000AEA72A /* Frameworks */ = {
			isa = PBXFrameworksBuildPhase;
			buildActionMask = 2147483647;
			files = (
			);
			runOnlyForDeploymentPostprocessing = 0;
		};
/* End PBXFrameworksBuildPhase section */

/* Begin PBXGroup section */
		573F59381E26E1C000AEA72A = {
			isa = PBXGroup;
			children = (
				573F59431E26E1C000AEA72A /* ShareBudget */,
				573F59601E26E1C000AEA72A /* ShareBudgetTests */,
				573F596B1E26E1C000AEA72A /* ShareBudgetUITests */,
				573F59421E26E1C000AEA72A /* Products */,
			);
			sourceTree = "<group>";
		};
		573F59421E26E1C000AEA72A /* Products */ = {
			isa = PBXGroup;
			children = (
				573F59411E26E1C000AEA72A /* ShareBudget.app */,
				573F595D1E26E1C000AEA72A /* ShareBudgetTests.xctest */,
				573F59681E26E1C000AEA72A /* ShareBudgetUITests.xctest */,
			);
			name = Products;
			sourceTree = "<group>";
		};
		573F59431E26E1C000AEA72A /* ShareBudget */ = {
			isa = PBXGroup;
			children = (
				573F59471E26E1C000AEA72A /* AppDelegate.h */,
				573F59481E26E1C000AEA72A /* AppDelegate.m */,
				573F594A1E26E1C000AEA72A /* ViewController.h */,
				573F594B1E26E1C000AEA72A /* ViewController.m */,
				573F594D1E26E1C000AEA72A /* Main.storyboard */,
				573F59531E26E1C000AEA72A /* Assets.xcassets */,
				573F59551E26E1C000AEA72A /* LaunchScreen.storyboard */,
				573F59581E26E1C000AEA72A /* Info.plist */,
				573F59501E26E1C000AEA72A /* ShareBudget.xcdatamodeld */,
				573F59441E26E1C000AEA72A /* Supporting Files */,
			);
			path = ShareBudget;
			sourceTree = "<group>";
		};
		573F59441E26E1C000AEA72A /* Supporting Files */ = {
			isa = PBXGroup;
			children = (
				573F59451E26E1C000AEA72A /* main.m */,
			);
			name = "Supporting Files";
			sourceTree = "<group>";
		};
		573F59601E26E1C000AEA72A /* ShareBudgetTests */ = {
			isa = PBXGroup;
			children = (
				573F59611E26E1C000AEA72A /* ShareBudgetTests.m */,
				573F59631E26E1C000AEA72A /* Info.plist */,
			);
			path = ShareBudgetTests;
			sourceTree = "<group>";
		};
		573F596B1E26E1C000AEA72A /* ShareBudgetUITests */ = {
			isa = PBXGroup;
			children = (
				573F596C1E26E1C000AEA72A /* ShareBudgetUITests.m */,
				573F596E1E26E1C000AEA72A /* Info.plist */,
			);
			path = ShareBudgetUITests;
			sourceTree = "<group>";
		};
/* End PBXGroup section */

/* Begin PBXNativeTarget section */
		573F59401E26E1C000AEA72A /* ShareBudget */ = {
			isa = PBXNativeTarget;
			buildConfigurationList = 573F59711E26E1C000AEA72A /* Build configuration list for PBXNativeTarget "ShareBudget" */;
			buildPhases = (
				573F593D1E26E1C000AEA72A /* Sources */,
				573F593E1E26E1C000AEA72A /* Frameworks */,
				573F593F1E26E1C000AEA72A /* Resources */,
			);
			buildRules = (
			);
			dependencies = (
			);
			name = ShareBudget;
			productName = ShareBudget;
			productReference = 573F59411E26E1C000AEA72A /* ShareBudget.app */;
			productType = "com.apple.product-type.application";
		};
		573F595C1E26E1C000AEA72A /* ShareBudgetTests */ = {
			isa = PBXNativeTarget;
			buildConfigurationList = 573F59741E26E1C000AEA72A /* Build configuration list for PBXNativeTarget "ShareBudgetTests" */;
			buildPhases = (
				573F59591E26E1C000AEA72A /* Sources */,
				573F595A1E26E1C000AEA72A /* Frameworks */,
				573F595B1E26E1C000AEA72A /* Resources */,
			);
			buildRules = (
			);
			dependencies = (
				573F595F1E26E1C000AEA72A /* PBXTargetDependency */,
			);
			name = ShareBudgetTests;
			productName = ShareBudgetTests;
			productReference = 573F595D1E26E1C000AEA72A /* ShareBudgetTests.xctest */;
			productType = "com.apple.product-type.bundle.unit-test";
		};
		573F59671E26E1C000AEA72A /* ShareBudgetUITests */ = {
			isa = PBXNativeTarget;
			buildConfigurationList = 573F59771E26E1C000AEA72A /* Build configuration list for PBXNativeTarget "ShareBudgetUITests" */;
			buildPhases = (
				573F59641E26E1C000AEA72A /* Sources */,
				573F59651E26E1C000AEA72A /* Frameworks */,
				573F59661E26E1C000AEA72A /* Resources */,
			);
			buildRules = (
			);
			dependencies = (
				573F596A1E26E1C000AEA72A /* PBXTargetDependency */,
			);
			name = ShareBudgetUITests;
			productName = ShareBudgetUITests;
			productReference = 573F59681E26E1C000AEA72A /* ShareBudgetUITests.xctest */;
			productType = "com.apple.product-type.bundle.ui-testing";
		};
/* End PBXNativeTarget section */

/* Begin PBXProject section */
		573F59391E26E1C000AEA72A /* Project object */ = {
			isa = PBXProject;
			attributes = {
				LastUpgradeCheck = 0820;
				ORGANIZATIONNAME = "Denys Meloshyn";
				TargetAttributes = {
					573F59401E26E1C000AEA72A = {
						CreatedOnToolsVersion = 8.2.1;
						DevelopmentTeam = 4ZT9N5NKNU;
						ProvisioningStyle = Automatic;
					};
					573F595C1E26E1C000AEA72A = {
						CreatedOnToolsVersion = 8.2.1;
						DevelopmentTeam = 4ZT9N5NKNU;
						ProvisioningStyle = Automatic;
						TestTargetID = 573F59401E26E1C000AEA72A;
					};
					573F59671E26E1C000AEA72A = {
						CreatedOnToolsVersion = 8.2.1;
						DevelopmentTeam = 4ZT9N5NKNU;
						ProvisioningStyle = Automatic;
						TestTargetID = 573F59401E26E1C000AEA72A;
					};
				};
			};
			buildConfigurationList = 573F593C1E26E1C000AEA72A /* Build configuration list for PBXProject "ShareBudget" */;
			compatibilityVersion = "Xcode 3.2";
			developmentRegion = English;
			hasScannedForEncodings = 0;
			knownRegions = (
				en,
				Base,
			);
			mainGroup = 573F59381E26E1C000AEA72A;
			productRefGroup = 573F59421E26E1C000AEA72A /* Products */;
			projectDirPath = "";
			projectRoot = "";
			targets = (
				573F59401E26E1C000AEA72A /* ShareBudget */,
				573F595C1E26E1C000AEA72A /* ShareBudgetTests */,
				573F59671E26E1C000AEA72A /* ShareBudgetUITests */,
			);
		};
/* End PBXProject section */

/* Begin PBXResourcesBuildPhase section */
		573F593F1E26E1C000AEA72A /* Resources */ = {
			isa = PBXResourcesBuildPhase;
			buildActionMask = 2147483647;
			files = (
				573F59571E26E1C000AEA72A /* LaunchScreen.storyboard in Resources */,
				573F59541E26E1C000AEA72A /* Assets.xcassets in Resources */,
				573F594F1E26E1C000AEA72A /* Main.storyboard in Resources */,
			);
			runOnlyForDeploymentPostprocessing = 0;
		};
		573F595B1E26E1C000AEA72A /* Resources */ = {
			isa = PBXResourcesBuildPhase;
			buildActionMask = 2147483647;
			files = (
			);
			runOnlyForDeploymentPostprocessing = 0;
		};
		573F59661E26E1C000AEA72A /* Resources */ = {
			isa = PBXResourcesBuildPhase;
			buildActionMask = 2147483647;
			files = (
			);
			runOnlyForDeploymentPostprocessing = 0;
		};
/* End PBXResourcesBuildPhase section */

/* Begin PBXSourcesBuildPhase section */
		573F593D1E26E1C000AEA72A /* Sources */ = {
			isa = PBXSourcesBuildPhase;
			buildActionMask = 2147483647;
			files = (
				573F594C1E26E1C000AEA72A /* ViewController.m in Sources */,
				573F59491E26E1C000AEA72A /* AppDelegate.m in Sources */,
				573F59521E26E1C000AEA72A /* ShareBudget.xcdatamodeld in Sources */,
				573F59461E26E1C000AEA72A /* main.m in Sources */,
			);
			runOnlyForDeploymentPostprocessing = 0;
		};
		573F59591E26E1C000AEA72A /* Sources */ = {
			isa = PBXSourcesBuildPhase;
			buildActionMask = 2147483647;
			files = (
				573F59621E26E1C000AEA72A /* ShareBudgetTests.m in Sources */,
			);
			runOnlyForDeploymentPostprocessing = 0;
		};
		573F59641E26E1C000AEA72A /* Sources */ = {
			isa = PBXSourcesBuildPhase;
			buildActionMask = 2147483647;
			files = (
				573F596D1E26E1C000AEA72A /* ShareBudgetUITests.m in Sources */,
			);
			runOnlyForDeploymentPostprocessing = 0;
		};
/* End PBXSourcesBuildPhase section */

/* Begin PBXTargetDependency section */
		573F595F1E26E1C000AEA72A /* PBXTargetDependency */ = {
			isa = PBXTargetDependency;
			target = 573F59401E26E1C000AEA72A /* ShareBudget */;
			targetProxy = 573F595E1E26E1C000AEA72A /* PBXContainerItemProxy */;
		};
		573F596A1E26E1C000AEA72A /* PBXTargetDependency */ = {
			isa = PBXTargetDependency;
			target = 573F59401E26E1C000AEA72A /* ShareBudget */;
			targetProxy = 573F59691E26E1C000AEA72A /* PBXContainerItemProxy */;
		};
/* End PBXTargetDependency section */

/* Begin PBXVariantGroup section */
		573F594D1E26E1C000AEA72A /* Main.storyboard */ = {
			isa = PBXVariantGroup;
			children = (
				573F594E1E26E1C000AEA72A /* Base */,
			);
			name = Main.storyboard;
			sourceTree = "<group>";
		};
		573F59551E26E1C000AEA72A /* LaunchScreen.storyboard */ = {
			isa = PBXVariantGroup;
			children = (
				573F59561E26E1C000AEA72A /* Base */,
			);
			name = LaunchScreen.storyboard;
			sourceTree = "<group>";
		};
/* End PBXVariantGroup section */

/* Begin XCBuildConfiguration section */
		573F596F1E26E1C000AEA72A /* Debug */ = {
			isa = XCBuildConfiguration;
			buildSettings = {
				ALWAYS_SEARCH_USER_PATHS = NO;
				CLANG_ANALYZER_NONNULL = YES;
				CLANG_CXX_LANGUAGE_STANDARD = "gnu++0x";
				CLANG_CXX_LIBRARY = "libc++";
				CLANG_ENABLE_MODULES = YES;
				CLANG_ENABLE_OBJC_ARC = YES;
				CLANG_WARN_BOOL_CONVERSION = YES;
				CLANG_WARN_CONSTANT_CONVERSION = YES;
				CLANG_WARN_DIRECT_OBJC_ISA_USAGE = YES_ERROR;
				CLANG_WARN_DOCUMENTATION_COMMENTS = YES;
				CLANG_WARN_EMPTY_BODY = YES;
				CLANG_WARN_ENUM_CONVERSION = YES;
				CLANG_WARN_INFINITE_RECURSION = YES;
				CLANG_WARN_INT_CONVERSION = YES;
				CLANG_WARN_OBJC_ROOT_CLASS = YES_ERROR;
				CLANG_WARN_SUSPICIOUS_MOVE = YES;
				CLANG_WARN_UNREACHABLE_CODE = YES;
				CLANG_WARN__DUPLICATE_METHOD_MATCH = YES;
				"CODE_SIGN_IDENTITY[sdk=iphoneos*]" = "iPhone Developer";
				COPY_PHASE_STRIP = NO;
				DEBUG_INFORMATION_FORMAT = dwarf;
				ENABLE_STRICT_OBJC_MSGSEND = YES;
				ENABLE_TESTABILITY = YES;
				GCC_C_LANGUAGE_STANDARD = gnu99;
				GCC_DYNAMIC_NO_PIC = NO;
				GCC_NO_COMMON_BLOCKS = YES;
				GCC_OPTIMIZATION_LEVEL = 0;
				GCC_PREPROCESSOR_DEFINITIONS = (
					"DEBUG=1",
					"$(inherited)",
				);
				GCC_WARN_64_TO_32_BIT_CONVERSION = YES;
				GCC_WARN_ABOUT_RETURN_TYPE = YES_ERROR;
				GCC_WARN_UNDECLARED_SELECTOR = YES;
				GCC_WARN_UNINITIALIZED_AUTOS = YES_AGGRESSIVE;
				GCC_WARN_UNUSED_FUNCTION = YES;
				GCC_WARN_UNUSED_VARIABLE = YES;
				IPHONEOS_DEPLOYMENT_TARGET = 10.2;
				MTL_ENABLE_DEBUG_INFO = YES;
				ONLY_ACTIVE_ARCH = YES;
				SDKROOT = iphoneos;
			};
			name = Debug;
		};
		573F59701E26E1C000AEA72A /* Release */ = {
			isa = XCBuildConfiguration;
			buildSettings = {
				ALWAYS_SEARCH_USER_PATHS = NO;
				CLANG_ANALYZER_NONNULL = YES;
				CLANG_CXX_LANGUAGE_STANDARD = "gnu++0x";
				CLANG_CXX_LIBRARY = "libc++";
				CLANG_ENABLE_MODULES = YES;
				CLANG_ENABLE_OBJC_ARC = YES;
				CLANG_WARN_BOOL_CONVERSION = YES;
				CLANG_WARN_CONSTANT_CONVERSION = YES;
				CLANG_WARN_DIRECT_OBJC_ISA_USAGE = YES_ERROR;
				CLANG_WARN_DOCUMENTATION_COMMENTS = YES;
				CLANG_WARN_EMPTY_BODY = YES;
				CLANG_WARN_ENUM_CONVERSION = YES;
				CLANG_WARN_INFINITE_RECURSION = YES;
				CLANG_WARN_INT_CONVERSION = YES;
				CLANG_WARN_OBJC_ROOT_CLASS = YES_ERROR;
				CLANG_WARN_SUSPICIOUS_MOVE = YES;
				CLANG_WARN_UNREACHABLE_CODE = YES;
				CLANG_WARN__DUPLICATE_METHOD_MATCH = YES;
				"CODE_SIGN_IDENTITY[sdk=iphoneos*]" = "iPhone Developer";
				COPY_PHASE_STRIP = NO;
				DEBUG_INFORMATION_FORMAT = "dwarf-with-dsym";
				ENABLE_NS_ASSERTIONS = NO;
				ENABLE_STRICT_OBJC_MSGSEND = YES;
				GCC_C_LANGUAGE_STANDARD = gnu99;
				GCC_NO_COMMON_BLOCKS = YES;
				GCC_WARN_64_TO_32_BIT_CONVERSION = YES;
				GCC_WARN_ABOUT_RETURN_TYPE = YES_ERROR;
				GCC_WARN_UNDECLARED_SELECTOR = YES;
				GCC_WARN_UNINITIALIZED_AUTOS = YES_AGGRESSIVE;
				GCC_WARN_UNUSED_FUNCTION = YES;
				GCC_WARN_UNUSED_VARIABLE = YES;
				IPHONEOS_DEPLOYMENT_TARGET = 10.2;
				MTL_ENABLE_DEBUG_INFO = NO;
				SDKROOT = iphoneos;
				VALIDATE_PRODUCT = YES;
			};
			name = Release;
		};
		573F59721E26E1C000AEA72A /* Debug */ = {
			isa = XCBuildConfiguration;
			buildSettings = {
				ASSETCATALOG_COMPILER_APPICON_NAME = AppIcon;
				DEVELOPMENT_TEAM = 4ZT9N5NKNU;
				INFOPLIST_FILE = ShareBudget/Info.plist;
				LD_RUNPATH_SEARCH_PATHS = "$(inherited) @executable_path/Frameworks";
				PRODUCT_BUNDLE_IDENTIFIER = denys.meloshyn.ShareBudget;
				PRODUCT_NAME = "$(TARGET_NAME)";
			};
			name = Debug;
		};
		573F59731E26E1C000AEA72A /* Release */ = {
			isa = XCBuildConfiguration;
			buildSettings = {
				ASSETCATALOG_COMPILER_APPICON_NAME = AppIcon;
				DEVELOPMENT_TEAM = 4ZT9N5NKNU;
				INFOPLIST_FILE = ShareBudget/Info.plist;
				LD_RUNPATH_SEARCH_PATHS = "$(inherited) @executable_path/Frameworks";
				PRODUCT_BUNDLE_IDENTIFIER = denys.meloshyn.ShareBudget;
				PRODUCT_NAME = "$(TARGET_NAME)";
			};
			name = Release;
		};
		573F59751E26E1C000AEA72A /* Debug */ = {
			isa = XCBuildConfiguration;
			buildSettings = {
				BUNDLE_LOADER = "$(TEST_HOST)";
				DEVELOPMENT_TEAM = 4ZT9N5NKNU;
				INFOPLIST_FILE = ShareBudgetTests/Info.plist;
				LD_RUNPATH_SEARCH_PATHS = "$(inherited) @executable_path/Frameworks @loader_path/Frameworks";
				PRODUCT_BUNDLE_IDENTIFIER = denys.meloshyn.ShareBudgetTests;
				PRODUCT_NAME = "$(TARGET_NAME)";
				TEST_HOST = "$(BUILT_PRODUCTS_DIR)/ShareBudget.app/ShareBudget";
			};
			name = Debug;
		};
		573F59761E26E1C000AEA72A /* Release */ = {
			isa = XCBuildConfiguration;
			buildSettings = {
				BUNDLE_LOADER = "$(TEST_HOST)";
				DEVELOPMENT_TEAM = 4ZT9N5NKNU;
				INFOPLIST_FILE = ShareBudgetTests/Info.plist;
				LD_RUNPATH_SEARCH_PATHS = "$(inherited) @executable_path/Frameworks @loader_path/Frameworks";
				PRODUCT_BUNDLE_IDENTIFIER = denys.meloshyn.ShareBudgetTests;
				PRODUCT_NAME = "$(TARGET_NAME)";
				TEST_HOST = "$(BUILT_PRODUCTS_DIR)/ShareBudget.app/ShareBudget";
			};
			name = Release;
		};
		573F59781E26E1C000AEA72A /* Debug */ = {
			isa = XCBuildConfiguration;
			buildSettings = {
				DEVELOPMENT_TEAM = 4ZT9N5NKNU;
				INFOPLIST_FILE = ShareBudgetUITests/Info.plist;
				LD_RUNPATH_SEARCH_PATHS = "$(inherited) @executable_path/Frameworks @loader_path/Frameworks";
				PRODUCT_BUNDLE_IDENTIFIER = denys.meloshyn.ShareBudgetUITests;
				PRODUCT_NAME = "$(TARGET_NAME)";
				TEST_TARGET_NAME = ShareBudget;
			};
			name = Debug;
		};
		573F59791E26E1C000AEA72A /* Release */ = {
			isa = XCBuildConfiguration;
			buildSettings = {
				DEVELOPMENT_TEAM = 4ZT9N5NKNU;
				INFOPLIST_FILE = ShareBudgetUITests/Info.plist;
				LD_RUNPATH_SEARCH_PATHS = "$(inherited) @executable_path/Frameworks @loader_path/Frameworks";
				PRODUCT_BUNDLE_IDENTIFIER = denys.meloshyn.ShareBudgetUITests;
				PRODUCT_NAME = "$(TARGET_NAME)";
				TEST_TARGET_NAME = ShareBudget;
			};
			name = Release;
		};
/* End XCBuildConfiguration section */

/* Begin XCConfigurationList section */
		573F593C1E26E1C000AEA72A /* Build configuration list for PBXProject "ShareBudget" */ = {
			isa = XCConfigurationList;
			buildConfigurations = (
				573F596F1E26E1C000AEA72A /* Debug */,
				573F59701E26E1C000AEA72A /* Release */,
			);
			defaultConfigurationIsVisible = 0;
			defaultConfigurationName = Release;
		};
		573F59711E26E1C000AEA72A /* Build configuration list for PBXNativeTarget "ShareBudget" */ = {
			isa = XCConfigurationList;
			buildConfigurations = (
				573F59721E26E1C000AEA72A /* Debug */,
				573F59731E26E1C000AEA72A /* Release */,
			);
			defaultConfigurationIsVisible = 0;
		};
		573F59741E26E1C000AEA72A /* Build configuration list for PBXNativeTarget "ShareBudgetTests" */ = {
			isa = XCConfigurationList;
			buildConfigurations = (
				573F59751E26E1C000AEA72A /* Debug */,
				573F59761E26E1C000AEA72A /* Release */,
			);
			defaultConfigurationIsVisible = 0;
		};
		573F59771E26E1C000AEA72A /* Build configuration list for PBXNativeTarget "ShareBudgetUITests" */ = {
			isa = XCConfigurationList;
			buildConfigurations = (
				573F59781E26E1C000AEA72A /* Debug */,
				573F59791E26E1C000AEA72A /* Release */,
			);
			defaultConfigurationIsVisible = 0;
		};
/* End XCConfigurationList section */

/* Begin XCVersionGroup section */
		573F59501E26E1C000AEA72A /* ShareBudget.xcdatamodeld */ = {
			isa = XCVersionGroup;
			children = (
				573F59511E26E1C000AEA72A /* ShareBudget.xcdatamodel */,
			);
			currentVersion = 573F59511E26E1C000AEA72A /* ShareBudget.xcdatamodel */;
			path = ShareBudget.xcdatamodeld;
			sourceTree = "<group>";
			versionGroupType = wrapper.xcdatamodel;
		};
/* End XCVersionGroup section */
	};
	rootObject = 573F59391E26E1C000AEA72A /* Project object */;
}
