// !$*UTF8*$!
{
	archiveVersion = 1;
	classes = {
	};
	objectVersion = 46;
	objects = {

/* Begin PBXBuildFile section */
		237A5602DC6D1934751D6F09 /* Pods_ShareBudget.framework in Frameworks */ = {isa = PBXBuildFile; fileRef = 2C727AB84CE2542539F1AE59 /* Pods_ShareBudget.framework */; };
		572749501E43D9E0004A132F /* BudgetDetailViewController.swift in Sources */ = {isa = PBXBuildFile; fileRef = 5727494F1E43D9E0004A132F /* BudgetDetailViewController.swift */; };
		572749521E44F41B004A132F /* BudgetDetailView.swift in Sources */ = {isa = PBXBuildFile; fileRef = 572749511E44F41B004A132F /* BudgetDetailView.swift */; };
		572749541E44F450004A132F /* BudgetDetailPresenter.swift in Sources */ = {isa = PBXBuildFile; fileRef = 572749531E44F450004A132F /* BudgetDetailPresenter.swift */; };
		572749561E44F480004A132F /* BudgetDetailInteraction.swift in Sources */ = {isa = PBXBuildFile; fileRef = 572749551E44F480004A132F /* BudgetDetailInteraction.swift */; };
		572749581E44F49F004A132F /* BudgetDetailRouter.swift in Sources */ = {isa = PBXBuildFile; fileRef = 572749571E44F49F004A132F /* BudgetDetailRouter.swift */; };
		573F59A01E295C4D00AEA72A /* AppDelegate.swift in Sources */ = {isa = PBXBuildFile; fileRef = 573F599F1E295C4D00AEA72A /* AppDelegate.swift */; };
		573F59A51E295C4D00AEA72A /* Main.storyboard in Resources */ = {isa = PBXBuildFile; fileRef = 573F59A31E295C4D00AEA72A /* Main.storyboard */; };
		573F59A81E295C4D00AEA72A /* ShareBudget.xcdatamodeld in Sources */ = {isa = PBXBuildFile; fileRef = 573F59A61E295C4D00AEA72A /* ShareBudget.xcdatamodeld */; };
		573F59AA1E295C4D00AEA72A /* Assets.xcassets in Resources */ = {isa = PBXBuildFile; fileRef = 573F59A91E295C4D00AEA72A /* Assets.xcassets */; };
		573F59AD1E295C4D00AEA72A /* LaunchScreen.storyboard in Resources */ = {isa = PBXBuildFile; fileRef = 573F59AB1E295C4D00AEA72A /* LaunchScreen.storyboard */; };
		573F59B81E295C4E00AEA72A /* ShareBudgetTests.swift in Sources */ = {isa = PBXBuildFile; fileRef = 573F59B71E295C4E00AEA72A /* ShareBudgetTests.swift */; };
		573F59C31E295C4E00AEA72A /* ShareBudgetUITests.swift in Sources */ = {isa = PBXBuildFile; fileRef = 573F59C21E295C4E00AEA72A /* ShareBudgetUITests.swift */; };
		573F59D11E295D4900AEA72A /* Constants.swift in Sources */ = {isa = PBXBuildFile; fileRef = 573F59D01E295D4900AEA72A /* Constants.swift */; };
		573F59D71E295F6100AEA72A /* AsynchronousURLConnection.swift in Sources */ = {isa = PBXBuildFile; fileRef = 573F59D61E295F6100AEA72A /* AsynchronousURLConnection.swift */; };
		573F59D91E29627A00AEA72A /* BaseAPI.swift in Sources */ = {isa = PBXBuildFile; fileRef = 573F59D81E29627A00AEA72A /* BaseAPI.swift */; };
		573F59DB1E29637E00AEA72A /* UserAPI.swift in Sources */ = {isa = PBXBuildFile; fileRef = 573F59DA1E29637E00AEA72A /* UserAPI.swift */; };
		573F59DD1E296F4F00AEA72A /* UserCredentials.swift in Sources */ = {isa = PBXBuildFile; fileRef = 573F59DC1E296F4F00AEA72A /* UserCredentials.swift */; };
		573F59E11E2A7E7800AEA72A /* ModelManager.swift in Sources */ = {isa = PBXBuildFile; fileRef = 573F59E01E2A7E7800AEA72A /* ModelManager.swift */; };
		573F59E31E2AB9B000AEA72A /* SyncManager.swift in Sources */ = {isa = PBXBuildFile; fileRef = 573F59E21E2AB9B000AEA72A /* SyncManager.swift */; };
		573F5A021E2C17EB00AEA72A /* BaseModel+CoreDataClass.swift in Sources */ = {isa = PBXBuildFile; fileRef = 573F5A001E2C17EB00AEA72A /* BaseModel+CoreDataClass.swift */; };
		573F5A031E2C17EB00AEA72A /* BaseModel+CoreDataProperties.swift in Sources */ = {isa = PBXBuildFile; fileRef = 573F5A011E2C17EB00AEA72A /* BaseModel+CoreDataProperties.swift */; };
		573F5A101E2C180400AEA72A /* Category+CoreDataClass.swift in Sources */ = {isa = PBXBuildFile; fileRef = 573F5A041E2C180400AEA72A /* Category+CoreDataClass.swift */; };
		573F5A111E2C180400AEA72A /* Category+CoreDataProperties.swift in Sources */ = {isa = PBXBuildFile; fileRef = 573F5A051E2C180400AEA72A /* Category+CoreDataProperties.swift */; };
		573F5A121E2C180400AEA72A /* CategoryLimit+CoreDataClass.swift in Sources */ = {isa = PBXBuildFile; fileRef = 573F5A061E2C180400AEA72A /* CategoryLimit+CoreDataClass.swift */; };
		573F5A131E2C180400AEA72A /* CategoryLimit+CoreDataProperties.swift in Sources */ = {isa = PBXBuildFile; fileRef = 573F5A071E2C180400AEA72A /* CategoryLimit+CoreDataProperties.swift */; };
		573F5A141E2C180400AEA72A /* Expense+CoreDataClass.swift in Sources */ = {isa = PBXBuildFile; fileRef = 573F5A081E2C180400AEA72A /* Expense+CoreDataClass.swift */; };
		573F5A151E2C180400AEA72A /* Expense+CoreDataProperties.swift in Sources */ = {isa = PBXBuildFile; fileRef = 573F5A091E2C180400AEA72A /* Expense+CoreDataProperties.swift */; };
		573F5A1A1E2C180400AEA72A /* User+CoreDataClass.swift in Sources */ = {isa = PBXBuildFile; fileRef = 573F5A0E1E2C180400AEA72A /* User+CoreDataClass.swift */; };
		573F5A1B1E2C180400AEA72A /* User+CoreDataProperties.swift in Sources */ = {isa = PBXBuildFile; fileRef = 573F5A0F1E2C180400AEA72A /* User+CoreDataProperties.swift */; };
		573F5A1D1E2D4F7300AEA72A /* LoginViewController.swift in Sources */ = {isa = PBXBuildFile; fileRef = 573F5A1C1E2D4F7300AEA72A /* LoginViewController.swift */; };
		573F5A221E2D4FCF00AEA72A /* LoginView.swift in Sources */ = {isa = PBXBuildFile; fileRef = 573F5A211E2D4FCF00AEA72A /* LoginView.swift */; };
		573F5A241E2D4FF400AEA72A /* LoginPresenter.swift in Sources */ = {isa = PBXBuildFile; fileRef = 573F5A231E2D4FF400AEA72A /* LoginPresenter.swift */; };
		573F5A261E2D502100AEA72A /* LoginInteraction.swift in Sources */ = {isa = PBXBuildFile; fileRef = 573F5A251E2D502100AEA72A /* LoginInteraction.swift */; };
		573F5A281E2D50B400AEA72A /* BaseView.swift in Sources */ = {isa = PBXBuildFile; fileRef = 573F5A271E2D50B400AEA72A /* BaseView.swift */; };
		573F5A2A1E2D50E100AEA72A /* BasePresenter.swift in Sources */ = {isa = PBXBuildFile; fileRef = 573F5A291E2D50E100AEA72A /* BasePresenter.swift */; };
		573F5A2D1E2D54DE00AEA72A /* LoginRouter.swift in Sources */ = {isa = PBXBuildFile; fileRef = 573F5A2C1E2D54DE00AEA72A /* LoginRouter.swift */; };
		573F5A2F1E2D54F500AEA72A /* BaseRouter.swift in Sources */ = {isa = PBXBuildFile; fileRef = 573F5A2E1E2D54F500AEA72A /* BaseRouter.swift */; };
		573F5A311E2D557900AEA72A /* BaseInteraction.swift in Sources */ = {isa = PBXBuildFile; fileRef = 573F5A301E2D557900AEA72A /* BaseInteraction.swift */; };
		573F5A331E2D5F4100AEA72A /* BaseViewController.swift in Sources */ = {isa = PBXBuildFile; fileRef = 573F5A321E2D5F4100AEA72A /* BaseViewController.swift */; };
		573F5A351E2FFFEC00AEA72A /* Validator.swift in Sources */ = {isa = PBXBuildFile; fileRef = 573F5A341E2FFFEC00AEA72A /* Validator.swift */; };
		573F5A371E34F2C200AEA72A /* URLRequest+UserCredentials.swift in Sources */ = {isa = PBXBuildFile; fileRef = 573F5A361E34F2C200AEA72A /* URLRequest+UserCredentials.swift */; };
		575786351E4272980026A0BE /* BudgetUserAPI.swift in Sources */ = {isa = PBXBuildFile; fileRef = 575786341E4272980026A0BE /* BudgetUserAPI.swift */; };
		575786371E4278620026A0BE /* BudgetLimitAPI.swift in Sources */ = {isa = PBXBuildFile; fileRef = 575786361E4278620026A0BE /* BudgetLimitAPI.swift */; };
		575A22541E4747E0004825C2 /* EditExpenseViewController.swift in Sources */ = {isa = PBXBuildFile; fileRef = 575A22531E4747E0004825C2 /* EditExpenseViewController.swift */; };
		575A22571E476CCA004825C2 /* RightTextFieldTableViewCell.swift in Sources */ = {isa = PBXBuildFile; fileRef = 575A22551E476CCA004825C2 /* RightTextFieldTableViewCell.swift */; };
		575A22581E476CCA004825C2 /* RightTextFieldTableViewCell.xib in Resources */ = {isa = PBXBuildFile; fileRef = 575A22561E476CCA004825C2 /* RightTextFieldTableViewCell.xib */; };
		575A225A1E477234004825C2 /* EditExpenseView.swift in Sources */ = {isa = PBXBuildFile; fileRef = 575A22591E477234004825C2 /* EditExpenseView.swift */; };
		575A225C1E477258004825C2 /* EditExpensePresenter.swift in Sources */ = {isa = PBXBuildFile; fileRef = 575A225B1E477258004825C2 /* EditExpensePresenter.swift */; };
		575A225E1E477281004825C2 /* EditExpenseInteraction.swift in Sources */ = {isa = PBXBuildFile; fileRef = 575A225D1E477281004825C2 /* EditExpenseInteraction.swift */; };
		575A22601E4772D3004825C2 /* EditExpenseRouter.swift in Sources */ = {isa = PBXBuildFile; fileRef = 575A225F1E4772D3004825C2 /* EditExpenseRouter.swift */; };
		575A22621E4917B8004825C2 /* CategoryViewController.swift in Sources */ = {isa = PBXBuildFile; fileRef = 575A22611E4917B8004825C2 /* CategoryViewController.swift */; };
		575A22641E4BA050004825C2 /* CategoryAPI.swift in Sources */ = {isa = PBXBuildFile; fileRef = 575A22631E4BA050004825C2 /* CategoryAPI.swift */; };
		575A22661E4D0189004825C2 /* ValidationTextField.swift in Sources */ = {isa = PBXBuildFile; fileRef = 575A22651E4D0189004825C2 /* ValidationTextField.swift */; };
		575A22681E4D01A7004825C2 /* ValidationTextField.xib in Resources */ = {isa = PBXBuildFile; fileRef = 575A22671E4D01A7004825C2 /* ValidationTextField.xib */; };
		575A226C1E508FCA004825C2 /* UtilityFormatter.swift in Sources */ = {isa = PBXBuildFile; fileRef = 575A226B1E508FCA004825C2 /* UtilityFormatter.swift */; };
		57801AF61E3A6A66003AD57E /* AuthorisationAPI.swift in Sources */ = {isa = PBXBuildFile; fileRef = 57801AF51E3A6A66003AD57E /* AuthorisationAPI.swift */; };
		578A04CF1E524CBA00330DCD /* ExpensesViewController.swift in Sources */ = {isa = PBXBuildFile; fileRef = 578A04CE1E524CBA00330DCD /* ExpensesViewController.swift */; };
		578BD05C1E35103100DE28C8 /* R.generated.swift in Sources */ = {isa = PBXBuildFile; fileRef = 578BD05B1E35103100DE28C8 /* R.generated.swift */; };
		578BD05E1E35126D00DE28C8 /* LocalisedManager.swift in Sources */ = {isa = PBXBuildFile; fileRef = 578BD05D1E35126D00DE28C8 /* LocalisedManager.swift */; };
		578BD0651E3516BD00DE28C8 /* Localizable.strings in Resources */ = {isa = PBXBuildFile; fileRef = 578BD0671E3516BD00DE28C8 /* Localizable.strings */; };
		578BD06A1E3516BE00DE28C8 /* InfoPlist.strings in Resources */ = {isa = PBXBuildFile; fileRef = 578BD06C1E3516BE00DE28C8 /* InfoPlist.strings */; };
		578BD06F1E3516BE00DE28C8 /* InfoPlist.strings in Resources */ = {isa = PBXBuildFile; fileRef = 578BD0711E3516BE00DE28C8 /* InfoPlist.strings */; };
		578BD0761E352EEB00DE28C8 /* TextFieldErrorMessage.swift in Sources */ = {isa = PBXBuildFile; fileRef = 578BD0751E352EEB00DE28C8 /* TextFieldErrorMessage.swift */; };
		578BD0781E352F2E00DE28C8 /* TextFieldErrorMessage.xib in Resources */ = {isa = PBXBuildFile; fileRef = 578BD0771E352F2E00DE28C8 /* TextFieldErrorMessage.xib */; };
		57B9B0301E3D007800085E19 /* SettingsViewController.swift in Sources */ = {isa = PBXBuildFile; fileRef = 57B9B02F1E3D007800085E19 /* SettingsViewController.swift */; };
		57F1285C1E3D325300E51C0C /* BudgetViewController.swift in Sources */ = {isa = PBXBuildFile; fileRef = 57F1285B1E3D325300E51C0C /* BudgetViewController.swift */; };
		57F1285E1E3D332600E51C0C /* BudgetView.swift in Sources */ = {isa = PBXBuildFile; fileRef = 57F1285D1E3D332600E51C0C /* BudgetView.swift */; };
		57F128601E3D33AE00E51C0C /* BudgetRouter.swift in Sources */ = {isa = PBXBuildFile; fileRef = 57F1285F1E3D33AE00E51C0C /* BudgetRouter.swift */; };
		57F128621E3D33E800E51C0C /* BudgetPresenter.swift in Sources */ = {isa = PBXBuildFile; fileRef = 57F128611E3D33E800E51C0C /* BudgetPresenter.swift */; };
		57F128641E3D341700E51C0C /* BudgetInteraction.swift in Sources */ = {isa = PBXBuildFile; fileRef = 57F128631E3D341700E51C0C /* BudgetInteraction.swift */; };
		57F128661E3D3A8800E51C0C /* CreateSearchTableViewHeader.xib in Resources */ = {isa = PBXBuildFile; fileRef = 57F128651E3D3A8800E51C0C /* CreateSearchTableViewHeader.xib */; };
		57F128681E3D3B0500E51C0C /* CreateSearchTableViewHeader.swift in Sources */ = {isa = PBXBuildFile; fileRef = 57F128671E3D3B0500E51C0C /* CreateSearchTableViewHeader.swift */; };
		57F1286D1E3DF76200E51C0C /* Budget+CoreDataClass.swift in Sources */ = {isa = PBXBuildFile; fileRef = 57F128691E3DF76200E51C0C /* Budget+CoreDataClass.swift */; };
		57F1286E1E3DF76200E51C0C /* Budget+CoreDataProperties.swift in Sources */ = {isa = PBXBuildFile; fileRef = 57F1286A1E3DF76200E51C0C /* Budget+CoreDataProperties.swift */; };
		57F1286F1E3DF76200E51C0C /* BudgetLimit+CoreDataClass.swift in Sources */ = {isa = PBXBuildFile; fileRef = 57F1286B1E3DF76200E51C0C /* BudgetLimit+CoreDataClass.swift */; };
		57F128701E3DF76200E51C0C /* BudgetLimit+CoreDataProperties.swift in Sources */ = {isa = PBXBuildFile; fileRef = 57F1286C1E3DF76200E51C0C /* BudgetLimit+CoreDataProperties.swift */; };
		57F128721E3FC1DF00E51C0C /* BudgetAPI.swift in Sources */ = {isa = PBXBuildFile; fileRef = 57F128711E3FC1DF00E51C0C /* BudgetAPI.swift */; };
		CA1B698AD6157D79666538FC /* Pods_ShareBudgetTests.framework in Frameworks */ = {isa = PBXBuildFile; fileRef = C9FC6ACC12024E662050F144 /* Pods_ShareBudgetTests.framework */; };
		EE4ABE13383A0DC8A0A729F5 /* Pods_ShareBudgetUITests.framework in Frameworks */ = {isa = PBXBuildFile; fileRef = 9C81CE4DFFE969C7E465A405 /* Pods_ShareBudgetUITests.framework */; };
/* End PBXBuildFile section */

/* Begin PBXContainerItemProxy section */
		573F59B41E295C4E00AEA72A /* PBXContainerItemProxy */ = {
			isa = PBXContainerItemProxy;
			containerPortal = 573F59941E295C4D00AEA72A /* Project object */;
			proxyType = 1;
			remoteGlobalIDString = 573F599B1E295C4D00AEA72A;
			remoteInfo = ShareBudget;
		};
		573F59BF1E295C4E00AEA72A /* PBXContainerItemProxy */ = {
			isa = PBXContainerItemProxy;
			containerPortal = 573F59941E295C4D00AEA72A /* Project object */;
			proxyType = 1;
			remoteGlobalIDString = 573F599B1E295C4D00AEA72A;
			remoteInfo = ShareBudget;
		};
/* End PBXContainerItemProxy section */

/* Begin PBXFileReference section */
		05C537F8178432993EB75534 /* Pods-ShareBudgetUITests.release.xcconfig */ = {isa = PBXFileReference; includeInIndex = 1; lastKnownFileType = text.xcconfig; name = "Pods-ShareBudgetUITests.release.xcconfig"; path = "Pods/Target Support Files/Pods-ShareBudgetUITests/Pods-ShareBudgetUITests.release.xcconfig"; sourceTree = "<group>"; };
		2C727AB84CE2542539F1AE59 /* Pods_ShareBudget.framework */ = {isa = PBXFileReference; explicitFileType = wrapper.framework; includeInIndex = 0; path = Pods_ShareBudget.framework; sourceTree = BUILT_PRODUCTS_DIR; };
		5727494F1E43D9E0004A132F /* BudgetDetailViewController.swift */ = {isa = PBXFileReference; fileEncoding = 4; lastKnownFileType = sourcecode.swift; path = BudgetDetailViewController.swift; sourceTree = "<group>"; };
		572749511E44F41B004A132F /* BudgetDetailView.swift */ = {isa = PBXFileReference; fileEncoding = 4; lastKnownFileType = sourcecode.swift; path = BudgetDetailView.swift; sourceTree = "<group>"; };
		572749531E44F450004A132F /* BudgetDetailPresenter.swift */ = {isa = PBXFileReference; fileEncoding = 4; lastKnownFileType = sourcecode.swift; path = BudgetDetailPresenter.swift; sourceTree = "<group>"; };
		572749551E44F480004A132F /* BudgetDetailInteraction.swift */ = {isa = PBXFileReference; fileEncoding = 4; lastKnownFileType = sourcecode.swift; path = BudgetDetailInteraction.swift; sourceTree = "<group>"; };
		572749571E44F49F004A132F /* BudgetDetailRouter.swift */ = {isa = PBXFileReference; fileEncoding = 4; lastKnownFileType = sourcecode.swift; path = BudgetDetailRouter.swift; sourceTree = "<group>"; };
		573F599C1E295C4D00AEA72A /* ShareBudget.app */ = {isa = PBXFileReference; explicitFileType = wrapper.application; includeInIndex = 0; path = ShareBudget.app; sourceTree = BUILT_PRODUCTS_DIR; };
		573F599F1E295C4D00AEA72A /* AppDelegate.swift */ = {isa = PBXFileReference; lastKnownFileType = sourcecode.swift; path = AppDelegate.swift; sourceTree = "<group>"; };
		573F59A41E295C4D00AEA72A /* Base */ = {isa = PBXFileReference; lastKnownFileType = file.storyboard; name = Base; path = Base.lproj/Main.storyboard; sourceTree = "<group>"; };
		573F59A71E295C4D00AEA72A /* ShareBudget.xcdatamodel */ = {isa = PBXFileReference; lastKnownFileType = wrapper.xcdatamodel; path = ShareBudget.xcdatamodel; sourceTree = "<group>"; };
		573F59A91E295C4D00AEA72A /* Assets.xcassets */ = {isa = PBXFileReference; lastKnownFileType = folder.assetcatalog; path = Assets.xcassets; sourceTree = "<group>"; };
		573F59AC1E295C4D00AEA72A /* Base */ = {isa = PBXFileReference; lastKnownFileType = file.storyboard; name = Base; path = Base.lproj/LaunchScreen.storyboard; sourceTree = "<group>"; };
		573F59AE1E295C4D00AEA72A /* Info.plist */ = {isa = PBXFileReference; lastKnownFileType = text.plist.xml; path = Info.plist; sourceTree = "<group>"; };
		573F59B31E295C4E00AEA72A /* ShareBudgetTests.xctest */ = {isa = PBXFileReference; explicitFileType = wrapper.cfbundle; includeInIndex = 0; path = ShareBudgetTests.xctest; sourceTree = BUILT_PRODUCTS_DIR; };
		573F59B71E295C4E00AEA72A /* ShareBudgetTests.swift */ = {isa = PBXFileReference; lastKnownFileType = sourcecode.swift; path = ShareBudgetTests.swift; sourceTree = "<group>"; };
		573F59B91E295C4E00AEA72A /* Info.plist */ = {isa = PBXFileReference; lastKnownFileType = text.plist.xml; path = Info.plist; sourceTree = "<group>"; };
		573F59BE1E295C4E00AEA72A /* ShareBudgetUITests.xctest */ = {isa = PBXFileReference; explicitFileType = wrapper.cfbundle; includeInIndex = 0; path = ShareBudgetUITests.xctest; sourceTree = BUILT_PRODUCTS_DIR; };
		573F59C21E295C4E00AEA72A /* ShareBudgetUITests.swift */ = {isa = PBXFileReference; lastKnownFileType = sourcecode.swift; path = ShareBudgetUITests.swift; sourceTree = "<group>"; };
		573F59C41E295C4E00AEA72A /* Info.plist */ = {isa = PBXFileReference; lastKnownFileType = text.plist.xml; path = Info.plist; sourceTree = "<group>"; };
		573F59D01E295D4900AEA72A /* Constants.swift */ = {isa = PBXFileReference; fileEncoding = 4; lastKnownFileType = sourcecode.swift; path = Constants.swift; sourceTree = "<group>"; };
		573F59D61E295F6100AEA72A /* AsynchronousURLConnection.swift */ = {isa = PBXFileReference; fileEncoding = 4; lastKnownFileType = sourcecode.swift; path = AsynchronousURLConnection.swift; sourceTree = "<group>"; };
		573F59D81E29627A00AEA72A /* BaseAPI.swift */ = {isa = PBXFileReference; fileEncoding = 4; lastKnownFileType = sourcecode.swift; path = BaseAPI.swift; sourceTree = "<group>"; };
		573F59DA1E29637E00AEA72A /* UserAPI.swift */ = {isa = PBXFileReference; fileEncoding = 4; lastKnownFileType = sourcecode.swift; path = UserAPI.swift; sourceTree = "<group>"; };
		573F59DC1E296F4F00AEA72A /* UserCredentials.swift */ = {isa = PBXFileReference; fileEncoding = 4; lastKnownFileType = sourcecode.swift; path = UserCredentials.swift; sourceTree = "<group>"; };
		573F59E01E2A7E7800AEA72A /* ModelManager.swift */ = {isa = PBXFileReference; fileEncoding = 4; lastKnownFileType = sourcecode.swift; path = ModelManager.swift; sourceTree = "<group>"; };
		573F59E21E2AB9B000AEA72A /* SyncManager.swift */ = {isa = PBXFileReference; fileEncoding = 4; lastKnownFileType = sourcecode.swift; path = SyncManager.swift; sourceTree = "<group>"; };
		573F5A001E2C17EB00AEA72A /* BaseModel+CoreDataClass.swift */ = {isa = PBXFileReference; fileEncoding = 4; lastKnownFileType = sourcecode.swift; path = "BaseModel+CoreDataClass.swift"; sourceTree = "<group>"; };
		573F5A011E2C17EB00AEA72A /* BaseModel+CoreDataProperties.swift */ = {isa = PBXFileReference; fileEncoding = 4; lastKnownFileType = sourcecode.swift; path = "BaseModel+CoreDataProperties.swift"; sourceTree = "<group>"; };
		573F5A041E2C180400AEA72A /* Category+CoreDataClass.swift */ = {isa = PBXFileReference; fileEncoding = 4; lastKnownFileType = sourcecode.swift; path = "Category+CoreDataClass.swift"; sourceTree = "<group>"; };
		573F5A051E2C180400AEA72A /* Category+CoreDataProperties.swift */ = {isa = PBXFileReference; fileEncoding = 4; lastKnownFileType = sourcecode.swift; path = "Category+CoreDataProperties.swift"; sourceTree = "<group>"; };
		573F5A061E2C180400AEA72A /* CategoryLimit+CoreDataClass.swift */ = {isa = PBXFileReference; fileEncoding = 4; lastKnownFileType = sourcecode.swift; path = "CategoryLimit+CoreDataClass.swift"; sourceTree = "<group>"; };
		573F5A071E2C180400AEA72A /* CategoryLimit+CoreDataProperties.swift */ = {isa = PBXFileReference; fileEncoding = 4; lastKnownFileType = sourcecode.swift; path = "CategoryLimit+CoreDataProperties.swift"; sourceTree = "<group>"; };
		573F5A081E2C180400AEA72A /* Expense+CoreDataClass.swift */ = {isa = PBXFileReference; fileEncoding = 4; lastKnownFileType = sourcecode.swift; path = "Expense+CoreDataClass.swift"; sourceTree = "<group>"; };
		573F5A091E2C180400AEA72A /* Expense+CoreDataProperties.swift */ = {isa = PBXFileReference; fileEncoding = 4; lastKnownFileType = sourcecode.swift; path = "Expense+CoreDataProperties.swift"; sourceTree = "<group>"; };
		573F5A0E1E2C180400AEA72A /* User+CoreDataClass.swift */ = {isa = PBXFileReference; fileEncoding = 4; lastKnownFileType = sourcecode.swift; path = "User+CoreDataClass.swift"; sourceTree = "<group>"; };
		573F5A0F1E2C180400AEA72A /* User+CoreDataProperties.swift */ = {isa = PBXFileReference; fileEncoding = 4; lastKnownFileType = sourcecode.swift; path = "User+CoreDataProperties.swift"; sourceTree = "<group>"; };
		573F5A1C1E2D4F7300AEA72A /* LoginViewController.swift */ = {isa = PBXFileReference; fileEncoding = 4; lastKnownFileType = sourcecode.swift; path = LoginViewController.swift; sourceTree = "<group>"; };
		573F5A211E2D4FCF00AEA72A /* LoginView.swift */ = {isa = PBXFileReference; fileEncoding = 4; lastKnownFileType = sourcecode.swift; path = LoginView.swift; sourceTree = "<group>"; };
		573F5A231E2D4FF400AEA72A /* LoginPresenter.swift */ = {isa = PBXFileReference; fileEncoding = 4; lastKnownFileType = sourcecode.swift; path = LoginPresenter.swift; sourceTree = "<group>"; };
		573F5A251E2D502100AEA72A /* LoginInteraction.swift */ = {isa = PBXFileReference; fileEncoding = 4; lastKnownFileType = sourcecode.swift; path = LoginInteraction.swift; sourceTree = "<group>"; };
		573F5A271E2D50B400AEA72A /* BaseView.swift */ = {isa = PBXFileReference; fileEncoding = 4; lastKnownFileType = sourcecode.swift; path = BaseView.swift; sourceTree = "<group>"; };
		573F5A291E2D50E100AEA72A /* BasePresenter.swift */ = {isa = PBXFileReference; fileEncoding = 4; lastKnownFileType = sourcecode.swift; path = BasePresenter.swift; sourceTree = "<group>"; };
		573F5A2C1E2D54DE00AEA72A /* LoginRouter.swift */ = {isa = PBXFileReference; fileEncoding = 4; lastKnownFileType = sourcecode.swift; path = LoginRouter.swift; sourceTree = "<group>"; };
		573F5A2E1E2D54F500AEA72A /* BaseRouter.swift */ = {isa = PBXFileReference; fileEncoding = 4; lastKnownFileType = sourcecode.swift; path = BaseRouter.swift; sourceTree = "<group>"; };
		573F5A301E2D557900AEA72A /* BaseInteraction.swift */ = {isa = PBXFileReference; fileEncoding = 4; lastKnownFileType = sourcecode.swift; path = BaseInteraction.swift; sourceTree = "<group>"; };
		573F5A321E2D5F4100AEA72A /* BaseViewController.swift */ = {isa = PBXFileReference; fileEncoding = 4; lastKnownFileType = sourcecode.swift; path = BaseViewController.swift; sourceTree = "<group>"; };
		573F5A341E2FFFEC00AEA72A /* Validator.swift */ = {isa = PBXFileReference; fileEncoding = 4; lastKnownFileType = sourcecode.swift; path = Validator.swift; sourceTree = "<group>"; };
		573F5A361E34F2C200AEA72A /* URLRequest+UserCredentials.swift */ = {isa = PBXFileReference; fileEncoding = 4; lastKnownFileType = sourcecode.swift; path = "URLRequest+UserCredentials.swift"; sourceTree = "<group>"; };
		575786341E4272980026A0BE /* BudgetUserAPI.swift */ = {isa = PBXFileReference; fileEncoding = 4; lastKnownFileType = sourcecode.swift; path = BudgetUserAPI.swift; sourceTree = "<group>"; };
		575786361E4278620026A0BE /* BudgetLimitAPI.swift */ = {isa = PBXFileReference; fileEncoding = 4; lastKnownFileType = sourcecode.swift; path = BudgetLimitAPI.swift; sourceTree = "<group>"; };
		575A22531E4747E0004825C2 /* EditExpenseViewController.swift */ = {isa = PBXFileReference; fileEncoding = 4; lastKnownFileType = sourcecode.swift; path = EditExpenseViewController.swift; sourceTree = "<group>"; };
		575A22551E476CCA004825C2 /* RightTextFieldTableViewCell.swift */ = {isa = PBXFileReference; fileEncoding = 4; lastKnownFileType = sourcecode.swift; path = RightTextFieldTableViewCell.swift; sourceTree = "<group>"; };
		575A22561E476CCA004825C2 /* RightTextFieldTableViewCell.xib */ = {isa = PBXFileReference; fileEncoding = 4; lastKnownFileType = file.xib; path = RightTextFieldTableViewCell.xib; sourceTree = "<group>"; };
		575A22591E477234004825C2 /* EditExpenseView.swift */ = {isa = PBXFileReference; fileEncoding = 4; lastKnownFileType = sourcecode.swift; path = EditExpenseView.swift; sourceTree = "<group>"; };
		575A225B1E477258004825C2 /* EditExpensePresenter.swift */ = {isa = PBXFileReference; fileEncoding = 4; lastKnownFileType = sourcecode.swift; path = EditExpensePresenter.swift; sourceTree = "<group>"; };
		575A225D1E477281004825C2 /* EditExpenseInteraction.swift */ = {isa = PBXFileReference; fileEncoding = 4; lastKnownFileType = sourcecode.swift; path = EditExpenseInteraction.swift; sourceTree = "<group>"; };
		575A225F1E4772D3004825C2 /* EditExpenseRouter.swift */ = {isa = PBXFileReference; fileEncoding = 4; lastKnownFileType = sourcecode.swift; path = EditExpenseRouter.swift; sourceTree = "<group>"; };
		575A22611E4917B8004825C2 /* CategoryViewController.swift */ = {isa = PBXFileReference; fileEncoding = 4; lastKnownFileType = sourcecode.swift; path = CategoryViewController.swift; sourceTree = "<group>"; };
		575A22631E4BA050004825C2 /* CategoryAPI.swift */ = {isa = PBXFileReference; fileEncoding = 4; lastKnownFileType = sourcecode.swift; path = CategoryAPI.swift; sourceTree = "<group>"; };
		575A22651E4D0189004825C2 /* ValidationTextField.swift */ = {isa = PBXFileReference; fileEncoding = 4; lastKnownFileType = sourcecode.swift; path = ValidationTextField.swift; sourceTree = "<group>"; };
		575A22671E4D01A7004825C2 /* ValidationTextField.xib */ = {isa = PBXFileReference; fileEncoding = 4; lastKnownFileType = file.xib; path = ValidationTextField.xib; sourceTree = "<group>"; };
		575A226B1E508FCA004825C2 /* UtilityFormatter.swift */ = {isa = PBXFileReference; fileEncoding = 4; lastKnownFileType = sourcecode.swift; path = UtilityFormatter.swift; sourceTree = "<group>"; };
		57801AF51E3A6A66003AD57E /* AuthorisationAPI.swift */ = {isa = PBXFileReference; fileEncoding = 4; lastKnownFileType = sourcecode.swift; path = AuthorisationAPI.swift; sourceTree = "<group>"; };
		578A04CE1E524CBA00330DCD /* ExpensesViewController.swift */ = {isa = PBXFileReference; fileEncoding = 4; lastKnownFileType = sourcecode.swift; path = ExpensesViewController.swift; sourceTree = "<group>"; };
		578BD05B1E35103100DE28C8 /* R.generated.swift */ = {isa = PBXFileReference; fileEncoding = 4; lastKnownFileType = sourcecode.swift; path = R.generated.swift; sourceTree = SOURCE_ROOT; };
		578BD05D1E35126D00DE28C8 /* LocalisedManager.swift */ = {isa = PBXFileReference; fileEncoding = 4; lastKnownFileType = sourcecode.swift; path = LocalisedManager.swift; sourceTree = "<group>"; };
		578BD05F1E35158D00DE28C8 /* uk */ = {isa = PBXFileReference; lastKnownFileType = text.plist.strings; name = uk; path = uk.lproj/LaunchScreen.strings; sourceTree = "<group>"; };
		578BD0601E35158D00DE28C8 /* uk */ = {isa = PBXFileReference; lastKnownFileType = text.plist.strings; name = uk; path = uk.lproj/Main.strings; sourceTree = "<group>"; };
		578BD0611E35159300DE28C8 /* ru */ = {isa = PBXFileReference; lastKnownFileType = text.plist.strings; name = ru; path = ru.lproj/LaunchScreen.strings; sourceTree = "<group>"; };
		578BD0621E35159300DE28C8 /* ru */ = {isa = PBXFileReference; lastKnownFileType = text.plist.strings; name = ru; path = ru.lproj/Main.strings; sourceTree = "<group>"; };
		578BD0661E3516BD00DE28C8 /* ru */ = {isa = PBXFileReference; lastKnownFileType = text.plist.strings; name = ru; path = ru.lproj/Localizable.strings; sourceTree = "<group>"; };
		578BD06B1E3516BE00DE28C8 /* ru */ = {isa = PBXFileReference; lastKnownFileType = text.plist.strings; name = ru; path = ru.lproj/InfoPlist.strings; sourceTree = "<group>"; };
		578BD0701E3516BE00DE28C8 /* ru */ = {isa = PBXFileReference; lastKnownFileType = text.plist.strings; name = ru; path = ru.lproj/InfoPlist.strings; sourceTree = "<group>"; };
		578BD0751E352EEB00DE28C8 /* TextFieldErrorMessage.swift */ = {isa = PBXFileReference; fileEncoding = 4; lastKnownFileType = sourcecode.swift; path = TextFieldErrorMessage.swift; sourceTree = "<group>"; };
		578BD0771E352F2E00DE28C8 /* TextFieldErrorMessage.xib */ = {isa = PBXFileReference; fileEncoding = 4; lastKnownFileType = file.xib; path = TextFieldErrorMessage.xib; sourceTree = "<group>"; };
		57B9B02F1E3D007800085E19 /* SettingsViewController.swift */ = {isa = PBXFileReference; fileEncoding = 4; lastKnownFileType = sourcecode.swift; path = SettingsViewController.swift; sourceTree = "<group>"; };
		57F1285B1E3D325300E51C0C /* BudgetViewController.swift */ = {isa = PBXFileReference; fileEncoding = 4; lastKnownFileType = sourcecode.swift; path = BudgetViewController.swift; sourceTree = "<group>"; };
		57F1285D1E3D332600E51C0C /* BudgetView.swift */ = {isa = PBXFileReference; fileEncoding = 4; lastKnownFileType = sourcecode.swift; path = BudgetView.swift; sourceTree = "<group>"; };
		57F1285F1E3D33AE00E51C0C /* BudgetRouter.swift */ = {isa = PBXFileReference; fileEncoding = 4; lastKnownFileType = sourcecode.swift; path = BudgetRouter.swift; sourceTree = "<group>"; };
		57F128611E3D33E800E51C0C /* BudgetPresenter.swift */ = {isa = PBXFileReference; fileEncoding = 4; lastKnownFileType = sourcecode.swift; path = BudgetPresenter.swift; sourceTree = "<group>"; };
		57F128631E3D341700E51C0C /* BudgetInteraction.swift */ = {isa = PBXFileReference; fileEncoding = 4; lastKnownFileType = sourcecode.swift; path = BudgetInteraction.swift; sourceTree = "<group>"; };
		57F128651E3D3A8800E51C0C /* CreateSearchTableViewHeader.xib */ = {isa = PBXFileReference; fileEncoding = 4; lastKnownFileType = file.xib; path = CreateSearchTableViewHeader.xib; sourceTree = "<group>"; };
		57F128671E3D3B0500E51C0C /* CreateSearchTableViewHeader.swift */ = {isa = PBXFileReference; fileEncoding = 4; lastKnownFileType = sourcecode.swift; path = CreateSearchTableViewHeader.swift; sourceTree = "<group>"; };
		57F128691E3DF76200E51C0C /* Budget+CoreDataClass.swift */ = {isa = PBXFileReference; fileEncoding = 4; lastKnownFileType = sourcecode.swift; path = "Budget+CoreDataClass.swift"; sourceTree = "<group>"; };
		57F1286A1E3DF76200E51C0C /* Budget+CoreDataProperties.swift */ = {isa = PBXFileReference; fileEncoding = 4; lastKnownFileType = sourcecode.swift; path = "Budget+CoreDataProperties.swift"; sourceTree = "<group>"; };
		57F1286B1E3DF76200E51C0C /* BudgetLimit+CoreDataClass.swift */ = {isa = PBXFileReference; fileEncoding = 4; lastKnownFileType = sourcecode.swift; path = "BudgetLimit+CoreDataClass.swift"; sourceTree = "<group>"; };
		57F1286C1E3DF76200E51C0C /* BudgetLimit+CoreDataProperties.swift */ = {isa = PBXFileReference; fileEncoding = 4; lastKnownFileType = sourcecode.swift; path = "BudgetLimit+CoreDataProperties.swift"; sourceTree = "<group>"; };
		57F128711E3FC1DF00E51C0C /* BudgetAPI.swift */ = {isa = PBXFileReference; fileEncoding = 4; lastKnownFileType = sourcecode.swift; path = BudgetAPI.swift; sourceTree = "<group>"; };
		6AC311A8BFD0B15554304EF1 /* Pods-ShareBudget.debug.xcconfig */ = {isa = PBXFileReference; includeInIndex = 1; lastKnownFileType = text.xcconfig; name = "Pods-ShareBudget.debug.xcconfig"; path = "Pods/Target Support Files/Pods-ShareBudget/Pods-ShareBudget.debug.xcconfig"; sourceTree = "<group>"; };
		9C81CE4DFFE969C7E465A405 /* Pods_ShareBudgetUITests.framework */ = {isa = PBXFileReference; explicitFileType = wrapper.framework; includeInIndex = 0; path = Pods_ShareBudgetUITests.framework; sourceTree = BUILT_PRODUCTS_DIR; };
		B05234E4E08A4C399266793E /* Pods-ShareBudget.release.xcconfig */ = {isa = PBXFileReference; includeInIndex = 1; lastKnownFileType = text.xcconfig; name = "Pods-ShareBudget.release.xcconfig"; path = "Pods/Target Support Files/Pods-ShareBudget/Pods-ShareBudget.release.xcconfig"; sourceTree = "<group>"; };
		C9FC6ACC12024E662050F144 /* Pods_ShareBudgetTests.framework */ = {isa = PBXFileReference; explicitFileType = wrapper.framework; includeInIndex = 0; path = Pods_ShareBudgetTests.framework; sourceTree = BUILT_PRODUCTS_DIR; };
		D86383C5F66BDF03F2953E47 /* Pods-ShareBudgetTests.debug.xcconfig */ = {isa = PBXFileReference; includeInIndex = 1; lastKnownFileType = text.xcconfig; name = "Pods-ShareBudgetTests.debug.xcconfig"; path = "Pods/Target Support Files/Pods-ShareBudgetTests/Pods-ShareBudgetTests.debug.xcconfig"; sourceTree = "<group>"; };
		DE9477B7C3CBFAF39D86E483 /* Pods-ShareBudgetUITests.debug.xcconfig */ = {isa = PBXFileReference; includeInIndex = 1; lastKnownFileType = text.xcconfig; name = "Pods-ShareBudgetUITests.debug.xcconfig"; path = "Pods/Target Support Files/Pods-ShareBudgetUITests/Pods-ShareBudgetUITests.debug.xcconfig"; sourceTree = "<group>"; };
		FC31AA82AD1839854549050A /* Pods-ShareBudgetTests.release.xcconfig */ = {isa = PBXFileReference; includeInIndex = 1; lastKnownFileType = text.xcconfig; name = "Pods-ShareBudgetTests.release.xcconfig"; path = "Pods/Target Support Files/Pods-ShareBudgetTests/Pods-ShareBudgetTests.release.xcconfig"; sourceTree = "<group>"; };
/* End PBXFileReference section */

/* Begin PBXFrameworksBuildPhase section */
		573F59991E295C4D00AEA72A /* Frameworks */ = {
			isa = PBXFrameworksBuildPhase;
			buildActionMask = 2147483647;
			files = (
				237A5602DC6D1934751D6F09 /* Pods_ShareBudget.framework in Frameworks */,
			);
			runOnlyForDeploymentPostprocessing = 0;
		};
		573F59B01E295C4E00AEA72A /* Frameworks */ = {
			isa = PBXFrameworksBuildPhase;
			buildActionMask = 2147483647;
			files = (
				CA1B698AD6157D79666538FC /* Pods_ShareBudgetTests.framework in Frameworks */,
			);
			runOnlyForDeploymentPostprocessing = 0;
		};
		573F59BB1E295C4E00AEA72A /* Frameworks */ = {
			isa = PBXFrameworksBuildPhase;
			buildActionMask = 2147483647;
			files = (
				EE4ABE13383A0DC8A0A729F5 /* Pods_ShareBudgetUITests.framework in Frameworks */,
			);
			runOnlyForDeploymentPostprocessing = 0;
		};
/* End PBXFrameworksBuildPhase section */

/* Begin PBXGroup section */
		49FCCB1B3CC09002AC3E8412 /* Pods */ = {
			isa = PBXGroup;
			children = (
				6AC311A8BFD0B15554304EF1 /* Pods-ShareBudget.debug.xcconfig */,
				B05234E4E08A4C399266793E /* Pods-ShareBudget.release.xcconfig */,
				D86383C5F66BDF03F2953E47 /* Pods-ShareBudgetTests.debug.xcconfig */,
				FC31AA82AD1839854549050A /* Pods-ShareBudgetTests.release.xcconfig */,
				DE9477B7C3CBFAF39D86E483 /* Pods-ShareBudgetUITests.debug.xcconfig */,
				05C537F8178432993EB75534 /* Pods-ShareBudgetUITests.release.xcconfig */,
			);
			name = Pods;
			sourceTree = "<group>";
		};
		573F59931E295C4D00AEA72A = {
			isa = PBXGroup;
			children = (
				573F599E1E295C4D00AEA72A /* ShareBudget */,
				573F59B61E295C4E00AEA72A /* ShareBudgetTests */,
				573F59C11E295C4E00AEA72A /* ShareBudgetUITests */,
				573F599D1E295C4D00AEA72A /* Products */,
				49FCCB1B3CC09002AC3E8412 /* Pods */,
				65F40D05A2993CB6515AC52B /* Frameworks */,
			);
			sourceTree = "<group>";
		};
		573F599D1E295C4D00AEA72A /* Products */ = {
			isa = PBXGroup;
			children = (
				573F599C1E295C4D00AEA72A /* ShareBudget.app */,
				573F59B31E295C4E00AEA72A /* ShareBudgetTests.xctest */,
				573F59BE1E295C4E00AEA72A /* ShareBudgetUITests.xctest */,
			);
			name = Products;
			sourceTree = "<group>";
		};
		573F599E1E295C4D00AEA72A /* ShareBudget */ = {
			isa = PBXGroup;
			children = (
				573F599F1E295C4D00AEA72A /* AppDelegate.swift */,
				573F59D51E295F4700AEA72A /* APIManager */,
				573F5A381E34F2DB00AEA72A /* Extension */,
				573F5A201E2D4FA500AEA72A /* Interaction */,
				573F59DF1E2A7E3F00AEA72A /* ModelManager */,
				573F5A1F1E2D4F9E00AEA72A /* Presenter */,
				573F59D41E295EC700AEA72A /* Resources */,
				573F5A2B1E2D54C300AEA72A /* Router */,
				573F59D21E295EA200AEA72A /* Utility */,
				573F5A1E1E2D4F8C00AEA72A /* View */,
				573F59D31E295EAF00AEA72A /* ViewController */,
			);
			path = ShareBudget;
			sourceTree = "<group>";
		};
		573F59B61E295C4E00AEA72A /* ShareBudgetTests */ = {
			isa = PBXGroup;
			children = (
				573F59B71E295C4E00AEA72A /* ShareBudgetTests.swift */,
				573F59B91E295C4E00AEA72A /* Info.plist */,
			);
			path = ShareBudgetTests;
			sourceTree = "<group>";
		};
		573F59C11E295C4E00AEA72A /* ShareBudgetUITests */ = {
			isa = PBXGroup;
			children = (
				578BD0711E3516BE00DE28C8 /* InfoPlist.strings */,
				573F59C21E295C4E00AEA72A /* ShareBudgetUITests.swift */,
				573F59C41E295C4E00AEA72A /* Info.plist */,
			);
			path = ShareBudgetUITests;
			sourceTree = "<group>";
		};
		573F59D21E295EA200AEA72A /* Utility */ = {
			isa = PBXGroup;
			children = (
				573F59D01E295D4900AEA72A /* Constants.swift */,
				575A226B1E508FCA004825C2 /* UtilityFormatter.swift */,
				578BD05D1E35126D00DE28C8 /* LocalisedManager.swift */,
				578BD05B1E35103100DE28C8 /* R.generated.swift */,
				573F59DC1E296F4F00AEA72A /* UserCredentials.swift */,
				573F5A341E2FFFEC00AEA72A /* Validator.swift */,
			);
			name = Utility;
			sourceTree = "<group>";
		};
		573F59D31E295EAF00AEA72A /* ViewController */ = {
			isa = PBXGroup;
			children = (
				573F5A321E2D5F4100AEA72A /* BaseViewController.swift */,
				5727494F1E43D9E0004A132F /* BudgetDetailViewController.swift */,
				57F1285B1E3D325300E51C0C /* BudgetViewController.swift */,
				575A22611E4917B8004825C2 /* CategoryViewController.swift */,
				575A22531E4747E0004825C2 /* EditExpenseViewController.swift */,
				578A04CE1E524CBA00330DCD /* ExpensesViewController.swift */,
				573F5A1C1E2D4F7300AEA72A /* LoginViewController.swift */,
				57B9B02F1E3D007800085E19 /* SettingsViewController.swift */,
			);
			name = ViewController;
			sourceTree = "<group>";
		};
		573F59D41E295EC700AEA72A /* Resources */ = {
			isa = PBXGroup;
			children = (
				573F59AE1E295C4D00AEA72A /* Info.plist */,
				573F59A91E295C4D00AEA72A /* Assets.xcassets */,
				578BD06C1E3516BE00DE28C8 /* InfoPlist.strings */,
				578BD0671E3516BD00DE28C8 /* Localizable.strings */,
				573F59A61E295C4D00AEA72A /* ShareBudget.xcdatamodeld */,
				578BD0741E352DCD00DE28C8 /* Xib */,
			);
			name = Resources;
			sourceTree = "<group>";
		};
		573F59D51E295F4700AEA72A /* APIManager */ = {
			isa = PBXGroup;
			children = (
				573F59D61E295F6100AEA72A /* AsynchronousURLConnection.swift */,
				57801AF51E3A6A66003AD57E /* AuthorisationAPI.swift */,
				573F59D81E29627A00AEA72A /* BaseAPI.swift */,
				57F128711E3FC1DF00E51C0C /* BudgetAPI.swift */,
				575786361E4278620026A0BE /* BudgetLimitAPI.swift */,
				575786341E4272980026A0BE /* BudgetUserAPI.swift */,
				575A22631E4BA050004825C2 /* CategoryAPI.swift */,
				573F59E21E2AB9B000AEA72A /* SyncManager.swift */,
				573F59DA1E29637E00AEA72A /* UserAPI.swift */,
			);
			name = APIManager;
			sourceTree = "<group>";
		};
		573F59DF1E2A7E3F00AEA72A /* ModelManager */ = {
			isa = PBXGroup;
			children = (
				573F5A001E2C17EB00AEA72A /* BaseModel+CoreDataClass.swift */,
				573F5A011E2C17EB00AEA72A /* BaseModel+CoreDataProperties.swift */,
				57F128691E3DF76200E51C0C /* Budget+CoreDataClass.swift */,
				57F1286A1E3DF76200E51C0C /* Budget+CoreDataProperties.swift */,
				57F1286B1E3DF76200E51C0C /* BudgetLimit+CoreDataClass.swift */,
				57F1286C1E3DF76200E51C0C /* BudgetLimit+CoreDataProperties.swift */,
				573F5A041E2C180400AEA72A /* Category+CoreDataClass.swift */,
				573F5A051E2C180400AEA72A /* Category+CoreDataProperties.swift */,
				573F5A061E2C180400AEA72A /* CategoryLimit+CoreDataClass.swift */,
				573F5A071E2C180400AEA72A /* CategoryLimit+CoreDataProperties.swift */,
				573F5A081E2C180400AEA72A /* Expense+CoreDataClass.swift */,
				573F5A091E2C180400AEA72A /* Expense+CoreDataProperties.swift */,
				573F59E01E2A7E7800AEA72A /* ModelManager.swift */,
				573F5A0E1E2C180400AEA72A /* User+CoreDataClass.swift */,
				573F5A0F1E2C180400AEA72A /* User+CoreDataProperties.swift */,
			);
			name = ModelManager;
			sourceTree = "<group>";
		};
		573F5A1E1E2D4F8C00AEA72A /* View */ = {
			isa = PBXGroup;
			children = (
				573F5A271E2D50B400AEA72A /* BaseView.swift */,
				572749511E44F41B004A132F /* BudgetDetailView.swift */,
				57F1285D1E3D332600E51C0C /* BudgetView.swift */,
				57F128671E3D3B0500E51C0C /* CreateSearchTableViewHeader.swift */,
				575A22591E477234004825C2 /* EditExpenseView.swift */,
				573F5A211E2D4FCF00AEA72A /* LoginView.swift */,
				575A22551E476CCA004825C2 /* RightTextFieldTableViewCell.swift */,
				578BD0751E352EEB00DE28C8 /* TextFieldErrorMessage.swift */,
				575A22651E4D0189004825C2 /* ValidationTextField.swift */,
			);
			name = View;
			sourceTree = "<group>";
		};
		573F5A1F1E2D4F9E00AEA72A /* Presenter */ = {
			isa = PBXGroup;
			children = (
				573F5A291E2D50E100AEA72A /* BasePresenter.swift */,
				572749531E44F450004A132F /* BudgetDetailPresenter.swift */,
				57F128611E3D33E800E51C0C /* BudgetPresenter.swift */,
				575A225B1E477258004825C2 /* EditExpensePresenter.swift */,
				573F5A231E2D4FF400AEA72A /* LoginPresenter.swift */,
			);
			name = Presenter;
			sourceTree = "<group>";
		};
		573F5A201E2D4FA500AEA72A /* Interaction */ = {
			isa = PBXGroup;
			children = (
				573F5A301E2D557900AEA72A /* BaseInteraction.swift */,
				572749551E44F480004A132F /* BudgetDetailInteraction.swift */,
				57F128631E3D341700E51C0C /* BudgetInteraction.swift */,
				575A225D1E477281004825C2 /* EditExpenseInteraction.swift */,
				573F5A251E2D502100AEA72A /* LoginInteraction.swift */,
			);
			name = Interaction;
			sourceTree = "<group>";
		};
		573F5A2B1E2D54C300AEA72A /* Router */ = {
			isa = PBXGroup;
			children = (
				573F5A2E1E2D54F500AEA72A /* BaseRouter.swift */,
				572749571E44F49F004A132F /* BudgetDetailRouter.swift */,
				57F1285F1E3D33AE00E51C0C /* BudgetRouter.swift */,
				575A225F1E4772D3004825C2 /* EditExpenseRouter.swift */,
				573F5A2C1E2D54DE00AEA72A /* LoginRouter.swift */,
			);
			name = Router;
			sourceTree = "<group>";
		};
		573F5A381E34F2DB00AEA72A /* Extension */ = {
			isa = PBXGroup;
			children = (
				573F5A361E34F2C200AEA72A /* URLRequest+UserCredentials.swift */,
			);
			name = Extension;
			sourceTree = "<group>";
		};
		578BD0741E352DCD00DE28C8 /* Xib */ = {
			isa = PBXGroup;
			children = (
				57F128651E3D3A8800E51C0C /* CreateSearchTableViewHeader.xib */,
				575A22561E476CCA004825C2 /* RightTextFieldTableViewCell.xib */,
				578BD0771E352F2E00DE28C8 /* TextFieldErrorMessage.xib */,
				575A22671E4D01A7004825C2 /* ValidationTextField.xib */,
				573F59AB1E295C4D00AEA72A /* LaunchScreen.storyboard */,
				573F59A31E295C4D00AEA72A /* Main.storyboard */,
			);
			name = Xib;
			sourceTree = "<group>";
		};
		65F40D05A2993CB6515AC52B /* Frameworks */ = {
			isa = PBXGroup;
			children = (
				2C727AB84CE2542539F1AE59 /* Pods_ShareBudget.framework */,
				C9FC6ACC12024E662050F144 /* Pods_ShareBudgetTests.framework */,
				9C81CE4DFFE969C7E465A405 /* Pods_ShareBudgetUITests.framework */,
			);
			name = Frameworks;
			sourceTree = "<group>";
		};
/* End PBXGroup section */

/* Begin PBXNativeTarget section */
		573F599B1E295C4D00AEA72A /* ShareBudget */ = {
			isa = PBXNativeTarget;
			buildConfigurationList = 573F59C71E295C4E00AEA72A /* Build configuration list for PBXNativeTarget "ShareBudget" */;
			buildPhases = (
				54E23B326E6E94E0A109CBDB /* [CP] Check Pods Manifest.lock */,
				573F5A391E350AE700AEA72A /* ShellScript */,
				573F59981E295C4D00AEA72A /* Sources */,
				573F59991E295C4D00AEA72A /* Frameworks */,
				573F599A1E295C4D00AEA72A /* Resources */,
				0AD5DA39F3302C7A9315DF10 /* [CP] Embed Pods Frameworks */,
				3DB4ACDA83CBD4C6FC9C5AE5 /* [CP] Copy Pods Resources */,
			);
			buildRules = (
			);
			dependencies = (
			);
			name = ShareBudget;
			productName = ShareBudget;
			productReference = 573F599C1E295C4D00AEA72A /* ShareBudget.app */;
			productType = "com.apple.product-type.application";
		};
		573F59B21E295C4E00AEA72A /* ShareBudgetTests */ = {
			isa = PBXNativeTarget;
			buildConfigurationList = 573F59CA1E295C4E00AEA72A /* Build configuration list for PBXNativeTarget "ShareBudgetTests" */;
			buildPhases = (
				5E1FA8DC2DD9F00E65DF21DB /* [CP] Check Pods Manifest.lock */,
				573F59AF1E295C4E00AEA72A /* Sources */,
				573F59B01E295C4E00AEA72A /* Frameworks */,
				573F59B11E295C4E00AEA72A /* Resources */,
				151DBF635D75C96F0980900B /* [CP] Embed Pods Frameworks */,
				58B7E95DA531F6C9D6D71DCD /* [CP] Copy Pods Resources */,
			);
			buildRules = (
			);
			dependencies = (
				573F59B51E295C4E00AEA72A /* PBXTargetDependency */,
			);
			name = ShareBudgetTests;
			productName = ShareBudgetTests;
			productReference = 573F59B31E295C4E00AEA72A /* ShareBudgetTests.xctest */;
			productType = "com.apple.product-type.bundle.unit-test";
		};
		573F59BD1E295C4E00AEA72A /* ShareBudgetUITests */ = {
			isa = PBXNativeTarget;
			buildConfigurationList = 573F59CD1E295C4E00AEA72A /* Build configuration list for PBXNativeTarget "ShareBudgetUITests" */;
			buildPhases = (
				D964D342CA0142E8B0ACD54B /* [CP] Check Pods Manifest.lock */,
				573F59BA1E295C4E00AEA72A /* Sources */,
				573F59BB1E295C4E00AEA72A /* Frameworks */,
				573F59BC1E295C4E00AEA72A /* Resources */,
				44E838ABB992DD3CE723F955 /* [CP] Embed Pods Frameworks */,
				498AA86A9EF860D635FFED82 /* [CP] Copy Pods Resources */,
			);
			buildRules = (
			);
			dependencies = (
				573F59C01E295C4E00AEA72A /* PBXTargetDependency */,
			);
			name = ShareBudgetUITests;
			productName = ShareBudgetUITests;
			productReference = 573F59BE1E295C4E00AEA72A /* ShareBudgetUITests.xctest */;
			productType = "com.apple.product-type.bundle.ui-testing";
		};
/* End PBXNativeTarget section */

/* Begin PBXProject section */
		573F59941E295C4D00AEA72A /* Project object */ = {
			isa = PBXProject;
			attributes = {
				LastSwiftUpdateCheck = 0820;
				LastUpgradeCheck = 0820;
				ORGANIZATIONNAME = "Denys Meloshyn";
				TargetAttributes = {
					573F599B1E295C4D00AEA72A = {
						CreatedOnToolsVersion = 8.2.1;
						DevelopmentTeam = 4ZT9N5NKNU;
						ProvisioningStyle = Automatic;
					};
					573F59B21E295C4E00AEA72A = {
						CreatedOnToolsVersion = 8.2.1;
						DevelopmentTeam = 4ZT9N5NKNU;
						ProvisioningStyle = Automatic;
						TestTargetID = 573F599B1E295C4D00AEA72A;
					};
					573F59BD1E295C4E00AEA72A = {
						CreatedOnToolsVersion = 8.2.1;
						DevelopmentTeam = 4ZT9N5NKNU;
						ProvisioningStyle = Automatic;
						TestTargetID = 573F599B1E295C4D00AEA72A;
					};
				};
			};
			buildConfigurationList = 573F59971E295C4D00AEA72A /* Build configuration list for PBXProject "ShareBudget" */;
			compatibilityVersion = "Xcode 3.2";
			developmentRegion = English;
			hasScannedForEncodings = 0;
			knownRegions = (
				en,
				Base,
			);
			mainGroup = 573F59931E295C4D00AEA72A;
			productRefGroup = 573F599D1E295C4D00AEA72A /* Products */;
			projectDirPath = "";
			projectRoot = "";
			targets = (
				573F599B1E295C4D00AEA72A /* ShareBudget */,
				573F59B21E295C4E00AEA72A /* ShareBudgetTests */,
				573F59BD1E295C4E00AEA72A /* ShareBudgetUITests */,
			);
		};
/* End PBXProject section */

/* Begin PBXResourcesBuildPhase section */
		573F599A1E295C4D00AEA72A /* Resources */ = {
			isa = PBXResourcesBuildPhase;
			buildActionMask = 2147483647;
			files = (
				573F59AD1E295C4D00AEA72A /* LaunchScreen.storyboard in Resources */,
				578BD0651E3516BD00DE28C8 /* Localizable.strings in Resources */,
				575A22581E476CCA004825C2 /* RightTextFieldTableViewCell.xib in Resources */,
				57F128661E3D3A8800E51C0C /* CreateSearchTableViewHeader.xib in Resources */,
				578BD0781E352F2E00DE28C8 /* TextFieldErrorMessage.xib in Resources */,
				575A22681E4D01A7004825C2 /* ValidationTextField.xib in Resources */,
				573F59AA1E295C4D00AEA72A /* Assets.xcassets in Resources */,
				573F59A51E295C4D00AEA72A /* Main.storyboard in Resources */,
				578BD06A1E3516BE00DE28C8 /* InfoPlist.strings in Resources */,
			);
			runOnlyForDeploymentPostprocessing = 0;
		};
		573F59B11E295C4E00AEA72A /* Resources */ = {
			isa = PBXResourcesBuildPhase;
			buildActionMask = 2147483647;
			files = (
			);
			runOnlyForDeploymentPostprocessing = 0;
		};
		573F59BC1E295C4E00AEA72A /* Resources */ = {
			isa = PBXResourcesBuildPhase;
			buildActionMask = 2147483647;
			files = (
				578BD06F1E3516BE00DE28C8 /* InfoPlist.strings in Resources */,
			);
			runOnlyForDeploymentPostprocessing = 0;
		};
/* End PBXResourcesBuildPhase section */

/* Begin PBXShellScriptBuildPhase section */
		0AD5DA39F3302C7A9315DF10 /* [CP] Embed Pods Frameworks */ = {
			isa = PBXShellScriptBuildPhase;
			buildActionMask = 2147483647;
			files = (
			);
			inputPaths = (
			);
			name = "[CP] Embed Pods Frameworks";
			outputPaths = (
			);
			runOnlyForDeploymentPostprocessing = 0;
			shellPath = /bin/sh;
			shellScript = "\"${SRCROOT}/Pods/Target Support Files/Pods-ShareBudget/Pods-ShareBudget-frameworks.sh\"\n";
			showEnvVarsInLog = 0;
		};
		151DBF635D75C96F0980900B /* [CP] Embed Pods Frameworks */ = {
			isa = PBXShellScriptBuildPhase;
			buildActionMask = 2147483647;
			files = (
			);
			inputPaths = (
			);
			name = "[CP] Embed Pods Frameworks";
			outputPaths = (
			);
			runOnlyForDeploymentPostprocessing = 0;
			shellPath = /bin/sh;
			shellScript = "\"${SRCROOT}/Pods/Target Support Files/Pods-ShareBudgetTests/Pods-ShareBudgetTests-frameworks.sh\"\n";
			showEnvVarsInLog = 0;
		};
		3DB4ACDA83CBD4C6FC9C5AE5 /* [CP] Copy Pods Resources */ = {
			isa = PBXShellScriptBuildPhase;
			buildActionMask = 2147483647;
			files = (
			);
			inputPaths = (
			);
			name = "[CP] Copy Pods Resources";
			outputPaths = (
			);
			runOnlyForDeploymentPostprocessing = 0;
			shellPath = /bin/sh;
			shellScript = "\"${SRCROOT}/Pods/Target Support Files/Pods-ShareBudget/Pods-ShareBudget-resources.sh\"\n";
			showEnvVarsInLog = 0;
		};
		44E838ABB992DD3CE723F955 /* [CP] Embed Pods Frameworks */ = {
			isa = PBXShellScriptBuildPhase;
			buildActionMask = 2147483647;
			files = (
			);
			inputPaths = (
			);
			name = "[CP] Embed Pods Frameworks";
			outputPaths = (
			);
			runOnlyForDeploymentPostprocessing = 0;
			shellPath = /bin/sh;
			shellScript = "\"${SRCROOT}/Pods/Target Support Files/Pods-ShareBudgetUITests/Pods-ShareBudgetUITests-frameworks.sh\"\n";
			showEnvVarsInLog = 0;
		};
		498AA86A9EF860D635FFED82 /* [CP] Copy Pods Resources */ = {
			isa = PBXShellScriptBuildPhase;
			buildActionMask = 2147483647;
			files = (
			);
			inputPaths = (
			);
			name = "[CP] Copy Pods Resources";
			outputPaths = (
			);
			runOnlyForDeploymentPostprocessing = 0;
			shellPath = /bin/sh;
			shellScript = "\"${SRCROOT}/Pods/Target Support Files/Pods-ShareBudgetUITests/Pods-ShareBudgetUITests-resources.sh\"\n";
			showEnvVarsInLog = 0;
		};
		54E23B326E6E94E0A109CBDB /* [CP] Check Pods Manifest.lock */ = {
			isa = PBXShellScriptBuildPhase;
			buildActionMask = 2147483647;
			files = (
			);
			inputPaths = (
			);
			name = "[CP] Check Pods Manifest.lock";
			outputPaths = (
			);
			runOnlyForDeploymentPostprocessing = 0;
			shellPath = /bin/sh;
			shellScript = "diff \"${PODS_ROOT}/../Podfile.lock\" \"${PODS_ROOT}/Manifest.lock\" > /dev/null\nif [ $? != 0 ] ; then\n    # print error to STDERR\n    echo \"error: The sandbox is not in sync with the Podfile.lock. Run 'pod install' or update your CocoaPods installation.\" >&2\n    exit 1\nfi\n";
			showEnvVarsInLog = 0;
		};
		573F5A391E350AE700AEA72A /* ShellScript */ = {
			isa = PBXShellScriptBuildPhase;
			buildActionMask = 2147483647;
			files = (
			);
			inputPaths = (
			);
			outputPaths = (
			);
			runOnlyForDeploymentPostprocessing = 0;
			shellPath = /bin/sh;
			shellScript = "\"$PODS_ROOT/R.swift/rswift\" \"$SRCROOT\"";
		};
		58B7E95DA531F6C9D6D71DCD /* [CP] Copy Pods Resources */ = {
			isa = PBXShellScriptBuildPhase;
			buildActionMask = 2147483647;
			files = (
			);
			inputPaths = (
			);
			name = "[CP] Copy Pods Resources";
			outputPaths = (
			);
			runOnlyForDeploymentPostprocessing = 0;
			shellPath = /bin/sh;
			shellScript = "\"${SRCROOT}/Pods/Target Support Files/Pods-ShareBudgetTests/Pods-ShareBudgetTests-resources.sh\"\n";
			showEnvVarsInLog = 0;
		};
		5E1FA8DC2DD9F00E65DF21DB /* [CP] Check Pods Manifest.lock */ = {
			isa = PBXShellScriptBuildPhase;
			buildActionMask = 2147483647;
			files = (
			);
			inputPaths = (
			);
			name = "[CP] Check Pods Manifest.lock";
			outputPaths = (
			);
			runOnlyForDeploymentPostprocessing = 0;
			shellPath = /bin/sh;
			shellScript = "diff \"${PODS_ROOT}/../Podfile.lock\" \"${PODS_ROOT}/Manifest.lock\" > /dev/null\nif [ $? != 0 ] ; then\n    # print error to STDERR\n    echo \"error: The sandbox is not in sync with the Podfile.lock. Run 'pod install' or update your CocoaPods installation.\" >&2\n    exit 1\nfi\n";
			showEnvVarsInLog = 0;
		};
		D964D342CA0142E8B0ACD54B /* [CP] Check Pods Manifest.lock */ = {
			isa = PBXShellScriptBuildPhase;
			buildActionMask = 2147483647;
			files = (
			);
			inputPaths = (
			);
			name = "[CP] Check Pods Manifest.lock";
			outputPaths = (
			);
			runOnlyForDeploymentPostprocessing = 0;
			shellPath = /bin/sh;
			shellScript = "diff \"${PODS_ROOT}/../Podfile.lock\" \"${PODS_ROOT}/Manifest.lock\" > /dev/null\nif [ $? != 0 ] ; then\n    # print error to STDERR\n    echo \"error: The sandbox is not in sync with the Podfile.lock. Run 'pod install' or update your CocoaPods installation.\" >&2\n    exit 1\nfi\n";
			showEnvVarsInLog = 0;
		};
/* End PBXShellScriptBuildPhase section */

/* Begin PBXSourcesBuildPhase section */
		573F59981E295C4D00AEA72A /* Sources */ = {
			isa = PBXSourcesBuildPhase;
			buildActionMask = 2147483647;
			files = (
				575A22641E4BA050004825C2 /* CategoryAPI.swift in Sources */,
				573F59D71E295F6100AEA72A /* AsynchronousURLConnection.swift in Sources */,
				573F5A371E34F2C200AEA72A /* URLRequest+UserCredentials.swift in Sources */,
				575786351E4272980026A0BE /* BudgetUserAPI.swift in Sources */,
				575A22621E4917B8004825C2 /* CategoryViewController.swift in Sources */,
				573F59A81E295C4D00AEA72A /* ShareBudget.xcdatamodeld in Sources */,
				57F1286D1E3DF76200E51C0C /* Budget+CoreDataClass.swift in Sources */,
				573F5A331E2D5F4100AEA72A /* BaseViewController.swift in Sources */,
				573F5A1B1E2C180400AEA72A /* User+CoreDataProperties.swift in Sources */,
				573F5A101E2C180400AEA72A /* Category+CoreDataClass.swift in Sources */,
				578BD0761E352EEB00DE28C8 /* TextFieldErrorMessage.swift in Sources */,
				573F59D91E29627A00AEA72A /* BaseAPI.swift in Sources */,
				573F59A01E295C4D00AEA72A /* AppDelegate.swift in Sources */,
				575786371E4278620026A0BE /* BudgetLimitAPI.swift in Sources */,
				572749581E44F49F004A132F /* BudgetDetailRouter.swift in Sources */,
				575A225C1E477258004825C2 /* EditExpensePresenter.swift in Sources */,
				57F1285C1E3D325300E51C0C /* BudgetViewController.swift in Sources */,
				573F5A1A1E2C180400AEA72A /* User+CoreDataClass.swift in Sources */,
				57F128621E3D33E800E51C0C /* BudgetPresenter.swift in Sources */,
				57F128721E3FC1DF00E51C0C /* BudgetAPI.swift in Sources */,
				57F1286F1E3DF76200E51C0C /* BudgetLimit+CoreDataClass.swift in Sources */,
				575A22571E476CCA004825C2 /* RightTextFieldTableViewCell.swift in Sources */,
				573F5A2D1E2D54DE00AEA72A /* LoginRouter.swift in Sources */,
				578BD05C1E35103100DE28C8 /* R.generated.swift in Sources */,
				573F5A241E2D4FF400AEA72A /* LoginPresenter.swift in Sources */,
				573F5A261E2D502100AEA72A /* LoginInteraction.swift in Sources */,
				575A225A1E477234004825C2 /* EditExpenseView.swift in Sources */,
				578BD05E1E35126D00DE28C8 /* LocalisedManager.swift in Sources */,
				578A04CF1E524CBA00330DCD /* ExpensesViewController.swift in Sources */,
				573F5A351E2FFFEC00AEA72A /* Validator.swift in Sources */,
				575A22661E4D0189004825C2 /* ValidationTextField.swift in Sources */,
				573F5A311E2D557900AEA72A /* BaseInteraction.swift in Sources */,
				572749561E44F480004A132F /* BudgetDetailInteraction.swift in Sources */,
				575A226C1E508FCA004825C2 /* UtilityFormatter.swift in Sources */,
				573F59E11E2A7E7800AEA72A /* ModelManager.swift in Sources */,
				57F128701E3DF76200E51C0C /* BudgetLimit+CoreDataProperties.swift in Sources */,
				572749501E43D9E0004A132F /* BudgetDetailViewController.swift in Sources */,
				573F5A281E2D50B400AEA72A /* BaseView.swift in Sources */,
				575A22601E4772D3004825C2 /* EditExpenseRouter.swift in Sources */,
				572749541E44F450004A132F /* BudgetDetailPresenter.swift in Sources */,
				573F5A2A1E2D50E100AEA72A /* BasePresenter.swift in Sources */,
				573F5A111E2C180400AEA72A /* Category+CoreDataProperties.swift in Sources */,
				573F5A151E2C180400AEA72A /* Expense+CoreDataProperties.swift in Sources */,
				57B9B0301E3D007800085E19 /* SettingsViewController.swift in Sources */,
				57F1285E1E3D332600E51C0C /* BudgetView.swift in Sources */,
				573F59E31E2AB9B000AEA72A /* SyncManager.swift in Sources */,
				572749521E44F41B004A132F /* BudgetDetailView.swift in Sources */,
				57F128681E3D3B0500E51C0C /* CreateSearchTableViewHeader.swift in Sources */,
				573F5A1D1E2D4F7300AEA72A /* LoginViewController.swift in Sources */,
				573F5A221E2D4FCF00AEA72A /* LoginView.swift in Sources */,
				573F5A131E2C180400AEA72A /* CategoryLimit+CoreDataProperties.swift in Sources */,
				57F128641E3D341700E51C0C /* BudgetInteraction.swift in Sources */,
				573F5A141E2C180400AEA72A /* Expense+CoreDataClass.swift in Sources */,
				573F59DD1E296F4F00AEA72A /* UserCredentials.swift in Sources */,
				57801AF61E3A6A66003AD57E /* AuthorisationAPI.swift in Sources */,
				573F5A031E2C17EB00AEA72A /* BaseModel+CoreDataProperties.swift in Sources */,
				573F5A121E2C180400AEA72A /* CategoryLimit+CoreDataClass.swift in Sources */,
				573F59D11E295D4900AEA72A /* Constants.swift in Sources */,
				573F5A2F1E2D54F500AEA72A /* BaseRouter.swift in Sources */,
				575A22541E4747E0004825C2 /* EditExpenseViewController.swift in Sources */,
				57F1286E1E3DF76200E51C0C /* Budget+CoreDataProperties.swift in Sources */,
				57F128601E3D33AE00E51C0C /* BudgetRouter.swift in Sources */,
				573F5A021E2C17EB00AEA72A /* BaseModel+CoreDataClass.swift in Sources */,
				575A225E1E477281004825C2 /* EditExpenseInteraction.swift in Sources */,
				573F59DB1E29637E00AEA72A /* UserAPI.swift in Sources */,
			);
			runOnlyForDeploymentPostprocessing = 0;
		};
		573F59AF1E295C4E00AEA72A /* Sources */ = {
			isa = PBXSourcesBuildPhase;
			buildActionMask = 2147483647;
			files = (
				573F59B81E295C4E00AEA72A /* ShareBudgetTests.swift in Sources */,
			);
			runOnlyForDeploymentPostprocessing = 0;
		};
		573F59BA1E295C4E00AEA72A /* Sources */ = {
			isa = PBXSourcesBuildPhase;
			buildActionMask = 2147483647;
			files = (
				573F59C31E295C4E00AEA72A /* ShareBudgetUITests.swift in Sources */,
			);
			runOnlyForDeploymentPostprocessing = 0;
		};
/* End PBXSourcesBuildPhase section */

/* Begin PBXTargetDependency section */
		573F59B51E295C4E00AEA72A /* PBXTargetDependency */ = {
			isa = PBXTargetDependency;
			target = 573F599B1E295C4D00AEA72A /* ShareBudget */;
			targetProxy = 573F59B41E295C4E00AEA72A /* PBXContainerItemProxy */;
		};
		573F59C01E295C4E00AEA72A /* PBXTargetDependency */ = {
			isa = PBXTargetDependency;
			target = 573F599B1E295C4D00AEA72A /* ShareBudget */;
			targetProxy = 573F59BF1E295C4E00AEA72A /* PBXContainerItemProxy */;
		};
/* End PBXTargetDependency section */

/* Begin PBXVariantGroup section */
		573F59A31E295C4D00AEA72A /* Main.storyboard */ = {
			isa = PBXVariantGroup;
			children = (
				573F59A41E295C4D00AEA72A /* Base */,
				578BD0601E35158D00DE28C8 /* uk */,
				578BD0621E35159300DE28C8 /* ru */,
			);
			name = Main.storyboard;
			sourceTree = "<group>";
		};
		573F59AB1E295C4D00AEA72A /* LaunchScreen.storyboard */ = {
			isa = PBXVariantGroup;
			children = (
				573F59AC1E295C4D00AEA72A /* Base */,
				578BD05F1E35158D00DE28C8 /* uk */,
				578BD0611E35159300DE28C8 /* ru */,
			);
			name = LaunchScreen.storyboard;
			sourceTree = "<group>";
		};
		578BD0671E3516BD00DE28C8 /* Localizable.strings */ = {
			isa = PBXVariantGroup;
			children = (
				578BD0661E3516BD00DE28C8 /* ru */,
			);
			name = Localizable.strings;
			sourceTree = "<group>";
		};
		578BD06C1E3516BE00DE28C8 /* InfoPlist.strings */ = {
			isa = PBXVariantGroup;
			children = (
				578BD06B1E3516BE00DE28C8 /* ru */,
			);
			name = InfoPlist.strings;
			sourceTree = "<group>";
		};
		578BD0711E3516BE00DE28C8 /* InfoPlist.strings */ = {
			isa = PBXVariantGroup;
			children = (
				578BD0701E3516BE00DE28C8 /* ru */,
			);
			name = InfoPlist.strings;
			sourceTree = "<group>";
		};
/* End PBXVariantGroup section */

/* Begin XCBuildConfiguration section */
		573F59C51E295C4E00AEA72A /* Debug */ = {
			isa = XCBuildConfiguration;
			buildSettings = {
				ALWAYS_SEARCH_USER_PATHS = NO;
				CLANG_ANALYZER_LOCALIZABILITY_NONLOCALIZED = YES;
				CLANG_ANALYZER_NONNULL = YES;
				CLANG_CXX_LANGUAGE_STANDARD = "gnu++0x";
				CLANG_CXX_LIBRARY = "libc++";
				CLANG_ENABLE_MODULES = YES;
				CLANG_ENABLE_OBJC_ARC = YES;
				CLANG_WARN_BOOL_CONVERSION = YES;
				CLANG_WARN_CONSTANT_CONVERSION = YES;
				CLANG_WARN_DIRECT_OBJC_ISA_USAGE = YES_ERROR;
				CLANG_WARN_DOCUMENTATION_COMMENTS = YES;
				CLANG_WARN_EMPTY_BODY = YES;
				CLANG_WARN_ENUM_CONVERSION = YES;
				CLANG_WARN_INFINITE_RECURSION = YES;
				CLANG_WARN_INT_CONVERSION = YES;
				CLANG_WARN_OBJC_ROOT_CLASS = YES_ERROR;
				CLANG_WARN_SUSPICIOUS_MOVE = YES;
				CLANG_WARN_UNREACHABLE_CODE = YES;
				CLANG_WARN__DUPLICATE_METHOD_MATCH = YES;
				"CODE_SIGN_IDENTITY[sdk=iphoneos*]" = "iPhone Developer";
				COPY_PHASE_STRIP = NO;
				DEBUG_INFORMATION_FORMAT = dwarf;
				ENABLE_STRICT_OBJC_MSGSEND = YES;
				ENABLE_TESTABILITY = YES;
				GCC_C_LANGUAGE_STANDARD = gnu99;
				GCC_DYNAMIC_NO_PIC = NO;
				GCC_NO_COMMON_BLOCKS = YES;
				GCC_OPTIMIZATION_LEVEL = 0;
				GCC_PREPROCESSOR_DEFINITIONS = (
					"DEBUG=1",
					"$(inherited)",
				);
				GCC_WARN_64_TO_32_BIT_CONVERSION = YES;
				GCC_WARN_ABOUT_RETURN_TYPE = YES_ERROR;
				GCC_WARN_UNDECLARED_SELECTOR = YES;
				GCC_WARN_UNINITIALIZED_AUTOS = YES_AGGRESSIVE;
				GCC_WARN_UNUSED_FUNCTION = YES;
				GCC_WARN_UNUSED_VARIABLE = YES;
				IPHONEOS_DEPLOYMENT_TARGET = 10.2;
				MTL_ENABLE_DEBUG_INFO = YES;
				ONLY_ACTIVE_ARCH = YES;
				SDKROOT = iphoneos;
				SWIFT_ACTIVE_COMPILATION_CONDITIONS = DEBUG;
				SWIFT_OPTIMIZATION_LEVEL = "-Onone";
			};
			name = Debug;
		};
		573F59C61E295C4E00AEA72A /* Release */ = {
			isa = XCBuildConfiguration;
			buildSettings = {
				ALWAYS_SEARCH_USER_PATHS = NO;
				CLANG_ANALYZER_LOCALIZABILITY_NONLOCALIZED = YES;
				CLANG_ANALYZER_NONNULL = YES;
				CLANG_CXX_LANGUAGE_STANDARD = "gnu++0x";
				CLANG_CXX_LIBRARY = "libc++";
				CLANG_ENABLE_MODULES = YES;
				CLANG_ENABLE_OBJC_ARC = YES;
				CLANG_WARN_BOOL_CONVERSION = YES;
				CLANG_WARN_CONSTANT_CONVERSION = YES;
				CLANG_WARN_DIRECT_OBJC_ISA_USAGE = YES_ERROR;
				CLANG_WARN_DOCUMENTATION_COMMENTS = YES;
				CLANG_WARN_EMPTY_BODY = YES;
				CLANG_WARN_ENUM_CONVERSION = YES;
				CLANG_WARN_INFINITE_RECURSION = YES;
				CLANG_WARN_INT_CONVERSION = YES;
				CLANG_WARN_OBJC_ROOT_CLASS = YES_ERROR;
				CLANG_WARN_SUSPICIOUS_MOVE = YES;
				CLANG_WARN_UNREACHABLE_CODE = YES;
				CLANG_WARN__DUPLICATE_METHOD_MATCH = YES;
				"CODE_SIGN_IDENTITY[sdk=iphoneos*]" = "iPhone Developer";
				COPY_PHASE_STRIP = NO;
				DEBUG_INFORMATION_FORMAT = "dwarf-with-dsym";
				ENABLE_NS_ASSERTIONS = NO;
				ENABLE_STRICT_OBJC_MSGSEND = YES;
				GCC_C_LANGUAGE_STANDARD = gnu99;
				GCC_NO_COMMON_BLOCKS = YES;
				GCC_WARN_64_TO_32_BIT_CONVERSION = YES;
				GCC_WARN_ABOUT_RETURN_TYPE = YES_ERROR;
				GCC_WARN_UNDECLARED_SELECTOR = YES;
				GCC_WARN_UNINITIALIZED_AUTOS = YES_AGGRESSIVE;
				GCC_WARN_UNUSED_FUNCTION = YES;
				GCC_WARN_UNUSED_VARIABLE = YES;
				IPHONEOS_DEPLOYMENT_TARGET = 10.2;
				MTL_ENABLE_DEBUG_INFO = NO;
				SDKROOT = iphoneos;
				SWIFT_OPTIMIZATION_LEVEL = "-Owholemodule";
				VALIDATE_PRODUCT = YES;
			};
			name = Release;
		};
		573F59C81E295C4E00AEA72A /* Debug */ = {
			isa = XCBuildConfiguration;
			baseConfigurationReference = 6AC311A8BFD0B15554304EF1 /* Pods-ShareBudget.debug.xcconfig */;
			buildSettings = {
				ALWAYS_EMBED_SWIFT_STANDARD_LIBRARIES = YES;
				ASSETCATALOG_COMPILER_APPICON_NAME = AppIcon;
				DEVELOPMENT_TEAM = 4ZT9N5NKNU;
				INFOPLIST_FILE = ShareBudget/Info.plist;
				LD_RUNPATH_SEARCH_PATHS = "$(inherited) @executable_path/Frameworks";
				PRODUCT_BUNDLE_IDENTIFIER = denys.meloshyn.ShareBudget;
				PRODUCT_NAME = "$(TARGET_NAME)";
				SWIFT_VERSION = 3.0;
			};
			name = Debug;
		};
		573F59C91E295C4E00AEA72A /* Release */ = {
			isa = XCBuildConfiguration;
			baseConfigurationReference = B05234E4E08A4C399266793E /* Pods-ShareBudget.release.xcconfig */;
			buildSettings = {
				ALWAYS_EMBED_SWIFT_STANDARD_LIBRARIES = YES;
				ASSETCATALOG_COMPILER_APPICON_NAME = AppIcon;
				DEVELOPMENT_TEAM = 4ZT9N5NKNU;
				INFOPLIST_FILE = ShareBudget/Info.plist;
				LD_RUNPATH_SEARCH_PATHS = "$(inherited) @executable_path/Frameworks";
				PRODUCT_BUNDLE_IDENTIFIER = denys.meloshyn.ShareBudget;
				PRODUCT_NAME = "$(TARGET_NAME)";
				SWIFT_VERSION = 3.0;
			};
			name = Release;
		};
		573F59CB1E295C4E00AEA72A /* Debug */ = {
			isa = XCBuildConfiguration;
			baseConfigurationReference = D86383C5F66BDF03F2953E47 /* Pods-ShareBudgetTests.debug.xcconfig */;
			buildSettings = {
				ALWAYS_EMBED_SWIFT_STANDARD_LIBRARIES = YES;
				BUNDLE_LOADER = "$(TEST_HOST)";
				DEVELOPMENT_TEAM = 4ZT9N5NKNU;
				INFOPLIST_FILE = ShareBudgetTests/Info.plist;
				LD_RUNPATH_SEARCH_PATHS = "$(inherited) @executable_path/Frameworks @loader_path/Frameworks";
				PRODUCT_BUNDLE_IDENTIFIER = denys.meloshyn.ShareBudgetTests;
				PRODUCT_NAME = "$(TARGET_NAME)";
				SWIFT_VERSION = 3.0;
				TEST_HOST = "$(BUILT_PRODUCTS_DIR)/ShareBudget.app/ShareBudget";
			};
			name = Debug;
		};
		573F59CC1E295C4E00AEA72A /* Release */ = {
			isa = XCBuildConfiguration;
			baseConfigurationReference = FC31AA82AD1839854549050A /* Pods-ShareBudgetTests.release.xcconfig */;
			buildSettings = {
				ALWAYS_EMBED_SWIFT_STANDARD_LIBRARIES = YES;
				BUNDLE_LOADER = "$(TEST_HOST)";
				DEVELOPMENT_TEAM = 4ZT9N5NKNU;
				INFOPLIST_FILE = ShareBudgetTests/Info.plist;
				LD_RUNPATH_SEARCH_PATHS = "$(inherited) @executable_path/Frameworks @loader_path/Frameworks";
				PRODUCT_BUNDLE_IDENTIFIER = denys.meloshyn.ShareBudgetTests;
				PRODUCT_NAME = "$(TARGET_NAME)";
				SWIFT_VERSION = 3.0;
				TEST_HOST = "$(BUILT_PRODUCTS_DIR)/ShareBudget.app/ShareBudget";
			};
			name = Release;
		};
		573F59CE1E295C4E00AEA72A /* Debug */ = {
			isa = XCBuildConfiguration;
			baseConfigurationReference = DE9477B7C3CBFAF39D86E483 /* Pods-ShareBudgetUITests.debug.xcconfig */;
			buildSettings = {
				ALWAYS_EMBED_SWIFT_STANDARD_LIBRARIES = YES;
				DEVELOPMENT_TEAM = 4ZT9N5NKNU;
				INFOPLIST_FILE = ShareBudgetUITests/Info.plist;
				LD_RUNPATH_SEARCH_PATHS = "$(inherited) @executable_path/Frameworks @loader_path/Frameworks";
				PRODUCT_BUNDLE_IDENTIFIER = denys.meloshyn.ShareBudgetUITests;
				PRODUCT_NAME = "$(TARGET_NAME)";
				SWIFT_VERSION = 3.0;
				TEST_TARGET_NAME = ShareBudget;
			};
			name = Debug;
		};
		573F59CF1E295C4E00AEA72A /* Release */ = {
			isa = XCBuildConfiguration;
			baseConfigurationReference = 05C537F8178432993EB75534 /* Pods-ShareBudgetUITests.release.xcconfig */;
			buildSettings = {
				ALWAYS_EMBED_SWIFT_STANDARD_LIBRARIES = YES;
				DEVELOPMENT_TEAM = 4ZT9N5NKNU;
				INFOPLIST_FILE = ShareBudgetUITests/Info.plist;
				LD_RUNPATH_SEARCH_PATHS = "$(inherited) @executable_path/Frameworks @loader_path/Frameworks";
				PRODUCT_BUNDLE_IDENTIFIER = denys.meloshyn.ShareBudgetUITests;
				PRODUCT_NAME = "$(TARGET_NAME)";
				SWIFT_VERSION = 3.0;
				TEST_TARGET_NAME = ShareBudget;
			};
			name = Release;
		};
/* End XCBuildConfiguration section */

/* Begin XCConfigurationList section */
		573F59971E295C4D00AEA72A /* Build configuration list for PBXProject "ShareBudget" */ = {
			isa = XCConfigurationList;
			buildConfigurations = (
				573F59C51E295C4E00AEA72A /* Debug */,
				573F59C61E295C4E00AEA72A /* Release */,
			);
			defaultConfigurationIsVisible = 0;
			defaultConfigurationName = Release;
		};
		573F59C71E295C4E00AEA72A /* Build configuration list for PBXNativeTarget "ShareBudget" */ = {
			isa = XCConfigurationList;
			buildConfigurations = (
				573F59C81E295C4E00AEA72A /* Debug */,
				573F59C91E295C4E00AEA72A /* Release */,
			);
			defaultConfigurationIsVisible = 0;
			defaultConfigurationName = Release;
		};
		573F59CA1E295C4E00AEA72A /* Build configuration list for PBXNativeTarget "ShareBudgetTests" */ = {
			isa = XCConfigurationList;
			buildConfigurations = (
				573F59CB1E295C4E00AEA72A /* Debug */,
				573F59CC1E295C4E00AEA72A /* Release */,
			);
			defaultConfigurationIsVisible = 0;
			defaultConfigurationName = Release;
		};
		573F59CD1E295C4E00AEA72A /* Build configuration list for PBXNativeTarget "ShareBudgetUITests" */ = {
			isa = XCConfigurationList;
			buildConfigurations = (
				573F59CE1E295C4E00AEA72A /* Debug */,
				573F59CF1E295C4E00AEA72A /* Release */,
			);
			defaultConfigurationIsVisible = 0;
			defaultConfigurationName = Release;
		};
/* End XCConfigurationList section */

/* Begin XCVersionGroup section */
		573F59A61E295C4D00AEA72A /* ShareBudget.xcdatamodeld */ = {
			isa = XCVersionGroup;
			children = (
				573F59A71E295C4D00AEA72A /* ShareBudget.xcdatamodel */,
			);
			currentVersion = 573F59A71E295C4D00AEA72A /* ShareBudget.xcdatamodel */;
			path = ShareBudget.xcdatamodeld;
			sourceTree = "<group>";
			versionGroupType = wrapper.xcdatamodel;
		};
/* End XCVersionGroup section */
	};
	rootObject = 573F59941E295C4D00AEA72A /* Project object */;
}
