{
  "object": {
    "pins": [
      {
        "package": "KeychainSwift",
        "repositoryURL": "https://github.com/evgenyneu/keychain-swift",
        "state": {
          "branch": null,
          "revision": "d9b76fba09c2eb5c0bb9312092d309c833996cd2",
          "version": "18.0.0"
        }
      },
      {
        "package": "CrowdinSDK",
        "repositoryURL": "/Users/denys/Projects/mobile-sdk-ios",
        "state": {
          "branch": "feature/spm",
          "revision": "508e3b1aee5860f1c0b42931d9fac2f3568b23ab",
          "version": null
        }
      },
      {
        "package": "SnapKit",
        "repositoryURL": "https://github.com/SnapKit/SnapKit",
        "state": {
          "branch": null,
          "revision": "d458564516e5676af9c70b4f4b2a9178294f1bc6",
          "version": "5.0.1"
        }
      },
      {
        "package": "url-builder",
        "repositoryURL": "https://gitlab.com/denys.meloshyn/url-builder.git",
        "state": {
          "branch": null,
          "revision": "e0fb4d7e33a4179f4b1cfbbeb1615de2acde52cf",
          "version": "0.0.1"
        }
      },
      {
        "package": "XCGLogger",
        "repositoryURL": "https://github.com/DaveWoodCom/XCGLogger",
        "state": {
          "branch": null,
          "revision": "a9c4667b247928a29bdd41be2ec2c8d304215a54",
          "version": "7.0.1"
        }
      }
    ]
  },
  "version": 1
}
